<?xml version="1.0" encoding="UTF-8"?>
<!DOCTYPE plist PUBLIC "-//Apple//DTD PLIST 1.0//EN" "http://www.apple.com/DTDs/PropertyList-1.0.dtd">
<plist version="1.0">
<dict>
	<key>archiveVersion</key>
	<string>1</string>
	<key>classes</key>
	<dict/>
	<key>objectVersion</key>
	<string>46</string>
	<key>objects</key>
	<dict>
		<key>0C1413BA170CB98500C21239</key>
		<dict>
			<key>fileEncoding</key>
			<string>4</string>
			<key>isa</key>
			<string>PBXFileReference</string>
			<key>lastKnownFileType</key>
			<string>sourcecode.c.h</string>
			<key>name</key>
			<string>PYTextController.h</string>
			<key>path</key>
			<string>PrYv/PYTextController.h</string>
			<key>sourceTree</key>
			<string>&lt;group&gt;</string>
		</dict>
		<key>0C1413BB170CB98500C21239</key>
		<dict>
			<key>fileEncoding</key>
			<string>4</string>
			<key>isa</key>
			<string>PBXFileReference</string>
			<key>lastKnownFileType</key>
			<string>sourcecode.c.objc</string>
			<key>name</key>
			<string>PYTextController.m</string>
			<key>path</key>
			<string>PrYv/PYTextController.m</string>
			<key>sourceTree</key>
			<string>&lt;group&gt;</string>
		</dict>
		<key>0C1413BC170CB98500C21239</key>
		<dict>
			<key>fileRef</key>
			<string>0C1413BB170CB98500C21239</string>
			<key>isa</key>
			<string>PBXBuildFile</string>
		</dict>
		<key>0C1A1DFC16C930C20042D7D4</key>
		<dict>
			<key>fileEncoding</key>
			<string>4</string>
			<key>isa</key>
			<string>PBXFileReference</string>
			<key>lastKnownFileType</key>
			<string>file.xib</string>
			<key>path</key>
			<string>OpenPanelWithTagsAndFolder.xib</string>
			<key>sourceTree</key>
			<string>&lt;group&gt;</string>
		</dict>
		<key>0C1A1DFD16C930C20042D7D4</key>
		<dict>
			<key>fileRef</key>
			<string>0C1A1DFC16C930C20042D7D4</string>
			<key>isa</key>
			<string>PBXBuildFile</string>
		</dict>
		<key>0C1A1E1316C956A30042D7D4</key>
		<dict>
			<key>children</key>
			<array>
				<string>0C1F955716C2784800E3C2F2</string>
				<string>0C1F955816C2784800E3C2F2</string>
				<string>0C24089216B7B78C00BD60CC</string>
				<string>0C24089316B7B78C00BD60CC</string>
			</array>
			<key>isa</key>
			<string>PBXGroup</string>
			<key>name</key>
			<string>Helpers</string>
			<key>sourceTree</key>
			<string>&lt;group&gt;</string>
		</dict>
		<key>0C1A1E1D16C958560042D7D4</key>
		<dict>
			<key>children</key>
			<array>
				<string>0CED27AD17DEFF1F006854A1</string>
				<string>0CED27AE17DEFF1F006854A1</string>
				<string>0CED27A717DEFE62006854A1</string>
				<string>0CED27A817DEFE62006854A1</string>
				<string>0CD268DD17E1CE150078171E</string>
				<string>0CD268DE17E1CE150078171E</string>
			</array>
			<key>isa</key>
			<string>PBXGroup</string>
			<key>name</key>
			<string>Core Data</string>
			<key>sourceTree</key>
			<string>&lt;group&gt;</string>
		</dict>
		<key>0C1A713F16BBB5DD004E35EF</key>
		<dict>
			<key>fileEncoding</key>
			<string>4</string>
			<key>isa</key>
			<string>PBXFileReference</string>
			<key>lastKnownFileType</key>
			<string>sourcecode.c.h</string>
			<key>name</key>
			<string>PYFileController.h</string>
			<key>path</key>
			<string>PrYv/PYFileController.h</string>
			<key>sourceTree</key>
			<string>&lt;group&gt;</string>
		</dict>
		<key>0C1A714016BBB5DD004E35EF</key>
		<dict>
			<key>fileEncoding</key>
			<string>4</string>
			<key>isa</key>
			<string>PBXFileReference</string>
			<key>lastKnownFileType</key>
			<string>sourcecode.c.objc</string>
			<key>name</key>
			<string>PYFileController.m</string>
			<key>path</key>
			<string>PrYv/PYFileController.m</string>
			<key>sourceTree</key>
			<string>&lt;group&gt;</string>
		</dict>
		<key>0C1A714116BBB5DD004E35EF</key>
		<dict>
			<key>fileRef</key>
			<string>0C1A714016BBB5DD004E35EF</string>
			<key>isa</key>
			<string>PBXBuildFile</string>
		</dict>
		<key>0C1F955716C2784800E3C2F2</key>
		<dict>
			<key>fileEncoding</key>
			<string>4</string>
			<key>isa</key>
			<string>PBXFileReference</string>
			<key>lastKnownFileType</key>
			<string>sourcecode.c.h</string>
			<key>name</key>
			<string>File+Helper.h</string>
			<key>path</key>
			<string>PrYv/File+Helper.h</string>
			<key>sourceTree</key>
			<string>&lt;group&gt;</string>
		</dict>
		<key>0C1F955816C2784800E3C2F2</key>
		<dict>
			<key>fileEncoding</key>
			<string>4</string>
			<key>isa</key>
			<string>PBXFileReference</string>
			<key>lastKnownFileType</key>
			<string>sourcecode.c.objc</string>
			<key>name</key>
			<string>File+Helper.m</string>
			<key>path</key>
			<string>PrYv/File+Helper.m</string>
			<key>sourceTree</key>
			<string>&lt;group&gt;</string>
		</dict>
		<key>0C1F955916C2784800E3C2F2</key>
		<dict>
			<key>fileRef</key>
			<string>0C1F955816C2784800E3C2F2</string>
			<key>isa</key>
			<string>PBXBuildFile</string>
		</dict>
		<key>0C1F955A16C27D1900E3C2F2</key>
		<dict>
			<key>fileEncoding</key>
			<string>4</string>
			<key>isa</key>
			<string>PBXFileReference</string>
			<key>lastKnownFileType</key>
			<string>sourcecode.c.h</string>
			<key>name</key>
			<string>NSString+Helper.h</string>
			<key>path</key>
			<string>PrYv/NSString+Helper.h</string>
			<key>sourceTree</key>
			<string>&lt;group&gt;</string>
		</dict>
		<key>0C1F955B16C27D1900E3C2F2</key>
		<dict>
			<key>fileEncoding</key>
			<string>4</string>
			<key>isa</key>
			<string>PBXFileReference</string>
			<key>lastKnownFileType</key>
			<string>sourcecode.c.objc</string>
			<key>name</key>
			<string>NSString+Helper.m</string>
			<key>path</key>
			<string>PrYv/NSString+Helper.m</string>
			<key>sourceTree</key>
			<string>&lt;group&gt;</string>
		</dict>
		<key>0C1F955C16C27D1900E3C2F2</key>
		<dict>
			<key>fileRef</key>
			<string>0C1F955B16C27D1900E3C2F2</string>
			<key>isa</key>
			<string>PBXBuildFile</string>
		</dict>
		<key>0C24088016B7095600BD60CC</key>
		<dict>
			<key>children</key>
			<array>
				<string>0C7342EE16ADB00B00EA101F</string>
				<string>0C1A1E1D16C958560042D7D4</string>
				<string>0C1A1E1316C956A30042D7D4</string>
			</array>
			<key>isa</key>
			<string>PBXGroup</string>
			<key>name</key>
			<string>Model</string>
			<key>sourceTree</key>
			<string>&lt;group&gt;</string>
		</dict>
		<key>0C24088116B7096400BD60CC</key>
		<dict>
			<key>children</key>
			<array>
				<string>0C2408D016B9233200BD60CC</string>
				<string>0C2408D116B9233200BD60CC</string>
				<string>0C2408AA16B7C27A00BD60CC</string>
				<string>0C2408AB16B7C27A00BD60CC</string>
				<string>0CBF1EC71878A3A4004A9AA9</string>
				<string>0CBF1EC81878A3A4004A9AA9</string>
				<string>0C2408A216B7BC5D00BD60CC</string>
				<string>0C2408A316B7BC5D00BD60CC</string>
				<string>0C1A713F16BBB5DD004E35EF</string>
				<string>0C1A714016BBB5DD004E35EF</string>
				<string>0C2559AE16FA5B7F00B4C2BC</string>
				<string>0C2559AF16FA5B7F00B4C2BC</string>
				<string>0C1413BA170CB98500C21239</string>
				<string>0C1413BB170CB98500C21239</string>
				<string>0C96BFF7185122E4007155E2</string>
				<string>0C96BFF8185122E4007155E2</string>
			</array>
			<key>isa</key>
			<string>PBXGroup</string>
			<key>name</key>
			<string>Controller</string>
			<key>sourceTree</key>
			<string>&lt;group&gt;</string>
		</dict>
		<key>0C24088216B7097300BD60CC</key>
		<dict>
			<key>children</key>
			<array>
				<string>0C5D66C41796D4460040DB36</string>
				<string>0C5D66C51796D4460040DB36</string>
				<string>0C1F955A16C27D1900E3C2F2</string>
				<string>0C1F955B16C27D1900E3C2F2</string>
				<string>0CA8A2E417D5EA3200C5F507</string>
				<string>0CA8A2E517D5EA3200C5F507</string>
				<string>0CBF1ED31878AC62004A9AA9</string>
				<string>0CBF1ED41878AC62004A9AA9</string>
			</array>
			<key>isa</key>
			<string>PBXGroup</string>
			<key>name</key>
			<string>API</string>
			<key>sourceTree</key>
			<string>&lt;group&gt;</string>
		</dict>
		<key>0C24089216B7B78C00BD60CC</key>
		<dict>
			<key>fileEncoding</key>
			<string>4</string>
			<key>isa</key>
			<string>PBXFileReference</string>
			<key>lastKnownFileType</key>
			<string>sourcecode.c.h</string>
			<key>name</key>
			<string>User+Helper.h</string>
			<key>path</key>
			<string>PrYv/User+Helper.h</string>
			<key>sourceTree</key>
			<string>&lt;group&gt;</string>
		</dict>
		<key>0C24089316B7B78C00BD60CC</key>
		<dict>
			<key>fileEncoding</key>
			<string>4</string>
			<key>isa</key>
			<string>PBXFileReference</string>
			<key>lastKnownFileType</key>
			<string>sourcecode.c.objc</string>
			<key>name</key>
			<string>User+Helper.m</string>
			<key>path</key>
			<string>PrYv/User+Helper.m</string>
			<key>sourceTree</key>
			<string>&lt;group&gt;</string>
		</dict>
		<key>0C24089416B7B78C00BD60CC</key>
		<dict>
			<key>fileRef</key>
			<string>0C24089316B7B78C00BD60CC</string>
			<key>isa</key>
			<string>PBXBuildFile</string>
		</dict>
		<key>0C2408A216B7BC5D00BD60CC</key>
		<dict>
			<key>fileEncoding</key>
			<string>4</string>
			<key>isa</key>
			<string>PBXFileReference</string>
			<key>lastKnownFileType</key>
			<string>sourcecode.c.h</string>
			<key>name</key>
			<string>PYStatusMenuController.h</string>
			<key>path</key>
			<string>PrYv/PYStatusMenuController.h</string>
			<key>sourceTree</key>
			<string>&lt;group&gt;</string>
		</dict>
		<key>0C2408A316B7BC5D00BD60CC</key>
		<dict>
			<key>fileEncoding</key>
			<string>4</string>
			<key>isa</key>
			<string>PBXFileReference</string>
			<key>lastKnownFileType</key>
			<string>sourcecode.c.objc</string>
			<key>name</key>
			<string>PYStatusMenuController.m</string>
			<key>path</key>
			<string>PrYv/PYStatusMenuController.m</string>
			<key>sourceTree</key>
			<string>&lt;group&gt;</string>
		</dict>
		<key>0C2408A416B7BC5D00BD60CC</key>
		<dict>
			<key>fileRef</key>
			<string>0C2408A316B7BC5D00BD60CC</string>
			<key>isa</key>
			<string>PBXBuildFile</string>
		</dict>
		<key>0C2408A516B7C0B600BD60CC</key>
		<dict>
			<key>fileEncoding</key>
			<string>4</string>
			<key>isa</key>
			<string>PBXFileReference</string>
			<key>lastKnownFileType</key>
			<string>file.xib</string>
			<key>path</key>
			<string>NewNote.xib</string>
			<key>sourceTree</key>
			<string>&lt;group&gt;</string>
		</dict>
		<key>0C2408A616B7C0B600BD60CC</key>
		<dict>
			<key>fileRef</key>
			<string>0C2408A516B7C0B600BD60CC</string>
			<key>isa</key>
			<string>PBXBuildFile</string>
		</dict>
		<key>0C2408AA16B7C27A00BD60CC</key>
		<dict>
			<key>fileEncoding</key>
			<string>4</string>
			<key>isa</key>
			<string>PBXFileReference</string>
			<key>lastKnownFileType</key>
			<string>sourcecode.c.h</string>
			<key>name</key>
			<string>PYNewNoteController.h</string>
			<key>path</key>
			<string>PrYv/PYNewNoteController.h</string>
			<key>sourceTree</key>
			<string>&lt;group&gt;</string>
		</dict>
		<key>0C2408AB16B7C27A00BD60CC</key>
		<dict>
			<key>fileEncoding</key>
			<string>4</string>
			<key>isa</key>
			<string>PBXFileReference</string>
			<key>lastKnownFileType</key>
			<string>sourcecode.c.objc</string>
			<key>name</key>
			<string>PYNewNoteController.m</string>
			<key>path</key>
			<string>PrYv/PYNewNoteController.m</string>
			<key>sourceTree</key>
			<string>&lt;group&gt;</string>
		</dict>
		<key>0C2408AC16B7C27A00BD60CC</key>
		<dict>
			<key>fileRef</key>
			<string>0C2408AB16B7C27A00BD60CC</string>
			<key>isa</key>
			<string>PBXBuildFile</string>
		</dict>
		<key>0C2408D016B9233200BD60CC</key>
		<dict>
			<key>fileEncoding</key>
			<string>4</string>
			<key>isa</key>
			<string>PBXFileReference</string>
			<key>lastKnownFileType</key>
			<string>sourcecode.c.h</string>
			<key>name</key>
			<string>PYLoginController.h</string>
			<key>path</key>
			<string>PrYv/PYLoginController.h</string>
			<key>sourceTree</key>
			<string>&lt;group&gt;</string>
		</dict>
		<key>0C2408D116B9233200BD60CC</key>
		<dict>
			<key>fileEncoding</key>
			<string>4</string>
			<key>isa</key>
			<string>PBXFileReference</string>
			<key>lastKnownFileType</key>
			<string>sourcecode.c.objc</string>
			<key>name</key>
			<string>PYLoginController.m</string>
			<key>path</key>
			<string>PrYv/PYLoginController.m</string>
			<key>sourceTree</key>
			<string>&lt;group&gt;</string>
		</dict>
		<key>0C2408D216B9233200BD60CC</key>
		<dict>
			<key>fileEncoding</key>
			<string>4</string>
			<key>isa</key>
			<string>PBXFileReference</string>
			<key>lastKnownFileType</key>
			<string>file.xib</string>
			<key>path</key>
			<string>LoginController.xib</string>
			<key>sourceTree</key>
			<string>&lt;group&gt;</string>
		</dict>
		<key>0C2408D316B9233200BD60CC</key>
		<dict>
			<key>fileRef</key>
			<string>0C2408D116B9233200BD60CC</string>
			<key>isa</key>
			<string>PBXBuildFile</string>
		</dict>
		<key>0C2408D416B9233200BD60CC</key>
		<dict>
			<key>fileRef</key>
			<string>0C2408D216B9233200BD60CC</string>
			<key>isa</key>
			<string>PBXBuildFile</string>
		</dict>
		<key>0C2559AE16FA5B7F00B4C2BC</key>
		<dict>
			<key>fileEncoding</key>
			<string>4</string>
			<key>isa</key>
			<string>PBXFileReference</string>
			<key>lastKnownFileType</key>
			<string>sourcecode.c.h</string>
			<key>name</key>
			<string>PYServicesController.h</string>
			<key>path</key>
			<string>PrYv/PYServicesController.h</string>
			<key>sourceTree</key>
			<string>&lt;group&gt;</string>
		</dict>
		<key>0C2559AF16FA5B7F00B4C2BC</key>
		<dict>
			<key>fileEncoding</key>
			<string>4</string>
			<key>isa</key>
			<string>PBXFileReference</string>
			<key>lastKnownFileType</key>
			<string>sourcecode.c.objc</string>
			<key>name</key>
			<string>PYServicesController.m</string>
			<key>path</key>
			<string>PrYv/PYServicesController.m</string>
			<key>sourceTree</key>
			<string>&lt;group&gt;</string>
		</dict>
		<key>0C2559B016FA5B7F00B4C2BC</key>
		<dict>
			<key>fileRef</key>
			<string>0C2559AF16FA5B7F00B4C2BC</string>
			<key>isa</key>
			<string>PBXBuildFile</string>
		</dict>
		<key>0C293F5E16B13BFB00D90B36</key>
		<dict>
			<key>isa</key>
			<string>PBXFileReference</string>
			<key>lastKnownFileType</key>
			<string>image.png</string>
			<key>name</key>
			<string>FaviconBlack56.png</string>
			<key>path</key>
			<string>PrYv/FaviconBlack56.png</string>
			<key>sourceTree</key>
			<string>&lt;group&gt;</string>
		</dict>
		<key>0C293F5F16B13BFB00D90B36</key>
		<dict>
			<key>fileRef</key>
			<string>0C293F5E16B13BFB00D90B36</string>
			<key>isa</key>
			<string>PBXBuildFile</string>
		</dict>
		<key>0C3C26A116CBCC380023E724</key>
		<dict>
			<key>fileEncoding</key>
			<string>4</string>
			<key>isa</key>
			<string>PBXFileReference</string>
			<key>lastKnownFileType</key>
			<string>file.xib</string>
			<key>path</key>
			<string>StatusMenu.xib</string>
			<key>sourceTree</key>
			<string>&lt;group&gt;</string>
		</dict>
		<key>0C3C26A216CBCC380023E724</key>
		<dict>
			<key>fileRef</key>
			<string>0C3C26A116CBCC380023E724</string>
			<key>isa</key>
			<string>PBXBuildFile</string>
		</dict>
		<key>0C3C26A316CBDC880023E724</key>
		<dict>
			<key>children</key>
			<array>
				<string>0CBF1EC91878A3A4004A9AA9</string>
				<string>0C2408D216B9233200BD60CC</string>
				<string>0C7342EB16ADB00B00EA101F</string>
				<string>0C3C26A116CBCC380023E724</string>
				<string>0C2408A516B7C0B600BD60CC</string>
				<string>0C1A1DFC16C930C20042D7D4</string>
				<string>0C3C26A416CBDCCF0023E724</string>
				<string>0C3C26A516CBDCCF0023E724</string>
				<string>0C96BFF9185122E4007155E2</string>
			</array>
			<key>isa</key>
			<string>PBXGroup</string>
			<key>name</key>
			<string>View</string>
			<key>path</key>
			<string>PrYv</string>
			<key>sourceTree</key>
			<string>&lt;group&gt;</string>
		</dict>
		<key>0C3C26A416CBDCCF0023E724</key>
		<dict>
			<key>fileEncoding</key>
			<string>4</string>
			<key>isa</key>
			<string>PBXFileReference</string>
			<key>lastKnownFileType</key>
			<string>sourcecode.c.h</string>
			<key>path</key>
			<string>DragAndDropStatusMenuView.h</string>
			<key>sourceTree</key>
			<string>&lt;group&gt;</string>
		</dict>
		<key>0C3C26A516CBDCCF0023E724</key>
		<dict>
			<key>fileEncoding</key>
			<string>4</string>
			<key>isa</key>
			<string>PBXFileReference</string>
			<key>lastKnownFileType</key>
			<string>sourcecode.c.objc</string>
			<key>path</key>
			<string>DragAndDropStatusMenuView.m</string>
			<key>sourceTree</key>
			<string>&lt;group&gt;</string>
		</dict>
		<key>0C3C26A616CBDCCF0023E724</key>
		<dict>
			<key>fileRef</key>
			<string>0C3C26A516CBDCCF0023E724</string>
			<key>isa</key>
			<string>PBXBuildFile</string>
		</dict>
		<key>0C3C26A716CCF9050023E724</key>
		<dict>
			<key>isa</key>
			<string>PBXFileReference</string>
			<key>lastKnownFileType</key>
			<string>image.png</string>
			<key>path</key>
			<string>FaviconBlack22.png</string>
			<key>sourceTree</key>
			<string>&lt;group&gt;</string>
		</dict>
		<key>0C3C26A816CCF9050023E724</key>
		<dict>
			<key>fileRef</key>
			<string>0C3C26A716CCF9050023E724</string>
			<key>isa</key>
			<string>PBXBuildFile</string>
		</dict>
		<key>0C5D66931796A5330040DB36</key>
		<dict>
			<key>isa</key>
			<string>PBXFileReference</string>
			<key>lastKnownFileType</key>
			<string>wrapper.framework</string>
			<key>name</key>
			<string>WebKit.framework</string>
			<key>path</key>
			<string>Platforms/MacOSX.platform/Developer/SDKs/MacOSX10.6.sdk/System/Library/Frameworks/WebKit.framework</string>
			<key>sourceTree</key>
			<string>DEVELOPER_DIR</string>
		</dict>
		<key>0C5D66C41796D4460040DB36</key>
		<dict>
			<key>fileEncoding</key>
			<string>4</string>
			<key>isa</key>
			<string>PBXFileReference</string>
			<key>lastKnownFileType</key>
			<string>sourcecode.c.h</string>
			<key>name</key>
			<string>NSDictionary+SubscriptingCompatibility.h</string>
			<key>path</key>
			<string>PrYv/NSDictionary+SubscriptingCompatibility.h</string>
			<key>sourceTree</key>
			<string>&lt;group&gt;</string>
		</dict>
		<key>0C5D66C51796D4460040DB36</key>
		<dict>
			<key>fileEncoding</key>
			<string>4</string>
			<key>isa</key>
			<string>PBXFileReference</string>
			<key>lastKnownFileType</key>
			<string>sourcecode.c.objc</string>
			<key>name</key>
			<string>NSDictionary+SubscriptingCompatibility.m</string>
			<key>path</key>
			<string>PrYv/NSDictionary+SubscriptingCompatibility.m</string>
			<key>sourceTree</key>
			<string>&lt;group&gt;</string>
		</dict>
		<key>0C5D66C61796D4460040DB36</key>
		<dict>
			<key>fileRef</key>
			<string>0C5D66C51796D4460040DB36</string>
			<key>isa</key>
			<string>PBXBuildFile</string>
		</dict>
		<key>0C5F299417AFD8B900AAE154</key>
		<dict>
			<key>isa</key>
			<string>PBXFileReference</string>
			<key>lastKnownFileType</key>
			<string>folder.iconset</string>
			<key>path</key>
			<string>pryv.iconset</string>
			<key>sourceTree</key>
			<string>&lt;group&gt;</string>
		</dict>
		<key>0C5F299517AFD8B900AAE154</key>
		<dict>
			<key>fileRef</key>
			<string>0C5F299417AFD8B900AAE154</string>
			<key>isa</key>
			<string>PBXBuildFile</string>
		</dict>
		<key>0C63A04517DDA2680033BED8</key>
		<dict>
			<key>isa</key>
			<string>PBXFileReference</string>
			<key>lastKnownFileType</key>
			<string>wrapper.framework</string>
			<key>name</key>
			<string>CoreFoundation.framework</string>
			<key>path</key>
			<string>System/Library/Frameworks/CoreFoundation.framework</string>
			<key>sourceTree</key>
			<string>SDKROOT</string>
		</dict>
		<key>0C7342C716ADB00A00EA101F</key>
		<dict>
			<key>children</key>
			<array>
				<string>0CD1201116BA6F740028CF5B</string>
				<string>0C24088216B7097300BD60CC</string>
				<string>0C24088116B7096400BD60CC</string>
				<string>0C24088016B7095600BD60CC</string>
				<string>0C3C26A316CBDC880023E724</string>
				<string>0CD0497D179C5AA3003716A2</string>
				<string>0C7342DC16ADB00B00EA101F</string>
				<string>0C9B754416D37AAF00A7FEBD</string>
				<string>0C9B755916D37C3200A7FEBD</string>
				<string>0C7342D516ADB00B00EA101F</string>
				<string>0C7342D316ADB00B00EA101F</string>
				<string>ED76E5B3947640C3933B56FF</string>
			</array>
			<key>isa</key>
			<string>PBXGroup</string>
			<key>sourceTree</key>
			<string>&lt;group&gt;</string>
		</dict>
		<key>0C7342C916ADB00B00EA101F</key>
		<dict>
			<key>attributes</key>
			<dict>
				<key>CLASSPREFIX</key>
				<string>PRYV</string>
				<key>LastUpgradeCheck</key>
				<string>0500</string>
				<key>ORGANIZATIONNAME</key>
				<string>Pryv</string>
				<key>TargetAttributes</key>
				<dict>
					<key>0C7342D116ADB00B00EA101F</key>
					<dict>
						<key>DevelopmentTeam</key>
						<string>GNL8PH5553</string>
					</dict>
				</dict>
			</dict>
			<key>buildConfigurationList</key>
			<string>0C7342CC16ADB00B00EA101F</string>
			<key>compatibilityVersion</key>
			<string>Xcode 3.2</string>
			<key>developmentRegion</key>
			<string>English</string>
			<key>hasScannedForEncodings</key>
			<string>0</string>
			<key>isa</key>
			<string>PBXProject</string>
			<key>knownRegions</key>
			<array>
				<string>en</string>
				<string>fr</string>
			</array>
			<key>mainGroup</key>
			<string>0C7342C716ADB00A00EA101F</string>
			<key>productRefGroup</key>
			<string>0C7342D316ADB00B00EA101F</string>
			<key>projectDirPath</key>
			<string></string>
			<key>projectReferences</key>
			<array>
				<dict>
					<key>ProductGroup</key>
					<string>0C9EB8791877681E006B019A</string>
					<key>ProjectRef</key>
					<string>0C9EB8781877681E006B019A</string>
				</dict>
			</array>
			<key>projectRoot</key>
			<string></string>
			<key>targets</key>
			<array>
				<string>0C7342D116ADB00B00EA101F</string>
				<string>0C9B754016D37AAF00A7FEBD</string>
				<string>0C9B755516D37C3200A7FEBD</string>
			</array>
		</dict>
		<key>0C7342CC16ADB00B00EA101F</key>
		<dict>
			<key>buildConfigurations</key>
			<array>
				<string>0C73430516ADB00B00EA101F</string>
				<string>0C9B756816D3816900A7FEBD</string>
				<string>0C73430616ADB00B00EA101F</string>
				<string>0CC0F39717EEE9EB00870E29</string>
			</array>
			<key>defaultConfigurationIsVisible</key>
			<string>0</string>
			<key>defaultConfigurationName</key>
			<string>Release</string>
			<key>isa</key>
			<string>XCConfigurationList</string>
		</dict>
		<key>0C7342CE16ADB00B00EA101F</key>
		<dict>
			<key>buildActionMask</key>
			<string>2147483647</string>
			<key>files</key>
			<array>
				<string>0C7342E316ADB00B00EA101F</string>
				<string>0C7342EA16ADB00B00EA101F</string>
				<string>0C7342F016ADB00B00EA101F</string>
				<string>0C24089416B7B78C00BD60CC</string>
				<string>0C2408A416B7BC5D00BD60CC</string>
				<string>0C2408AC16B7C27A00BD60CC</string>
				<string>0C2408D316B9233200BD60CC</string>
				<string>0CBF1ECA1878A3A4004A9AA9</string>
				<string>0C1A714116BBB5DD004E35EF</string>
				<string>0C96BFFA185122E4007155E2</string>
				<string>0C1F955916C2784800E3C2F2</string>
				<string>0C1F955C16C27D1900E3C2F2</string>
				<string>0C3C26A616CBDCCF0023E724</string>
				<string>0C2559B016FA5B7F00B4C2BC</string>
				<string>0C1413BC170CB98500C21239</string>
				<string>0CBF1ED51878AC62004A9AA9</string>
				<string>0C5D66C61796D4460040DB36</string>
				<string>0CD04985179C5AD8003716A2</string>
				<string>0CA8A2E617D5EA3200C5F507</string>
				<string>0CED27A917DEFE62006854A1</string>
				<string>0CED27AF17DEFF1F006854A1</string>
				<string>0CD268DF17E1CE150078171E</string>
			</array>
			<key>isa</key>
			<string>PBXSourcesBuildPhase</string>
			<key>runOnlyForDeploymentPostprocessing</key>
			<string>0</string>
		</dict>
		<key>0C7342CF16ADB00B00EA101F</key>
		<dict>
			<key>buildActionMask</key>
			<string>2147483647</string>
			<key>files</key>
			<array>
				<string>0C9EB8871877710A006B019A</string>
				<string>0CC0F39617EEE6CE00870E29</string>
				<string>0CC0F39417EEE6C700870E29</string>
				<string>0CC0F39217EEE6BF00870E29</string>
				<string>C5CB046975184E04A90866C1</string>
			</array>
			<key>isa</key>
			<string>PBXFrameworksBuildPhase</string>
			<key>runOnlyForDeploymentPostprocessing</key>
			<string>0</string>
		</dict>
		<key>0C7342D016ADB00B00EA101F</key>
		<dict>
			<key>buildActionMask</key>
			<string>2147483647</string>
			<key>files</key>
			<array>
				<string>0CBF1ECB1878A3A4004A9AA9</string>
				<string>0C7342E116ADB00B00EA101F</string>
				<string>0C7342E716ADB00B00EA101F</string>
				<string>0C7342ED16ADB00B00EA101F</string>
				<string>0C293F5F16B13BFB00D90B36</string>
				<string>0C2408A616B7C0B600BD60CC</string>
				<string>0C2408D416B9233200BD60CC</string>
				<string>0C1A1DFD16C930C20042D7D4</string>
				<string>0C3C26A216CBCC380023E724</string>
				<string>0C96BFFB185122E4007155E2</string>
				<string>0C3C26A816CCF9050023E724</string>
				<string>0C5F299517AFD8B900AAE154</string>
			</array>
			<key>isa</key>
			<string>PBXResourcesBuildPhase</string>
			<key>runOnlyForDeploymentPostprocessing</key>
			<string>0</string>
		</dict>
		<key>0C7342D116ADB00B00EA101F</key>
		<dict>
			<key>buildConfigurationList</key>
			<string>0C73430716ADB00B00EA101F</string>
			<key>buildPhases</key>
			<array>
				<string>87EED86B01754CE09869C532</string>
				<string>0C7342CE16ADB00B00EA101F</string>
				<string>0C7342CF16ADB00B00EA101F</string>
				<string>0C7342D016ADB00B00EA101F</string>
				<string>0C737EE417F1B39C0040168D</string>
				<string>0C9EB88218776974006B019A</string>
				<string>73FB3BAE2D7549AE9EF0CCAB</string>
			</array>
			<key>buildRules</key>
			<array/>
			<key>dependencies</key>
			<array/>
			<key>isa</key>
			<string>PBXNativeTarget</string>
			<key>name</key>
			<string>osx-integration</string>
			<key>productName</key>
			<string>PrYv</string>
			<key>productReference</key>
			<string>0C7342D216ADB00B00EA101F</string>
			<key>productType</key>
			<string>com.apple.product-type.application</string>
		</dict>
		<key>0C7342D216ADB00B00EA101F</key>
		<dict>
			<key>explicitFileType</key>
			<string>wrapper.application</string>
			<key>includeInIndex</key>
			<string>0</string>
			<key>isa</key>
			<string>PBXFileReference</string>
			<key>path</key>
			<string>Pryv.app</string>
			<key>sourceTree</key>
			<string>BUILT_PRODUCTS_DIR</string>
		</dict>
		<key>0C7342D316ADB00B00EA101F</key>
		<dict>
			<key>children</key>
			<array>
				<string>0C7342D216ADB00B00EA101F</string>
				<string>0C9B754116D37AAF00A7FEBD</string>
				<string>0C9B755616D37C3200A7FEBD</string>
			</array>
			<key>isa</key>
			<string>PBXGroup</string>
			<key>name</key>
			<string>Products</string>
			<key>sourceTree</key>
			<string>&lt;group&gt;</string>
		</dict>
		<key>0C7342D516ADB00B00EA101F</key>
		<dict>
			<key>children</key>
			<array>
				<string>0C9EB8861877710A006B019A</string>
				<string>0C9EB8781877681E006B019A</string>
				<string>0CC0F39517EEE6CE00870E29</string>
				<string>0CC0F39317EEE6C700870E29</string>
				<string>0CC0F39017EEE6B000870E29</string>
				<string>0C63A04517DDA2680033BED8</string>
				<string>0C5D66931796A5330040DB36</string>
				<string>0C7342D616ADB00B00EA101F</string>
				<string>0C7342F716ADB00B00EA101F</string>
				<string>0C7342D816ADB00B00EA101F</string>
				<string>74C59B98928D4D068FD903D0</string>
			</array>
			<key>isa</key>
			<string>PBXGroup</string>
			<key>name</key>
			<string>Frameworks</string>
			<key>sourceTree</key>
			<string>&lt;group&gt;</string>
		</dict>
		<key>0C7342D616ADB00B00EA101F</key>
		<dict>
			<key>isa</key>
			<string>PBXFileReference</string>
			<key>lastKnownFileType</key>
			<string>wrapper.framework</string>
			<key>name</key>
			<string>Cocoa.framework</string>
			<key>path</key>
			<string>System/Library/Frameworks/Cocoa.framework</string>
			<key>sourceTree</key>
			<string>SDKROOT</string>
		</dict>
		<key>0C7342D816ADB00B00EA101F</key>
		<dict>
			<key>children</key>
			<array>
				<string>0C7342D916ADB00B00EA101F</string>
				<string>0C7342DA16ADB00B00EA101F</string>
				<string>0C7342DB16ADB00B00EA101F</string>
			</array>
			<key>isa</key>
			<string>PBXGroup</string>
			<key>name</key>
			<string>Other Frameworks</string>
			<key>sourceTree</key>
			<string>&lt;group&gt;</string>
		</dict>
		<key>0C7342D916ADB00B00EA101F</key>
		<dict>
			<key>isa</key>
			<string>PBXFileReference</string>
			<key>lastKnownFileType</key>
			<string>wrapper.framework</string>
			<key>name</key>
			<string>AppKit.framework</string>
			<key>path</key>
			<string>System/Library/Frameworks/AppKit.framework</string>
			<key>sourceTree</key>
			<string>SDKROOT</string>
		</dict>
		<key>0C7342DA16ADB00B00EA101F</key>
		<dict>
			<key>isa</key>
			<string>PBXFileReference</string>
			<key>lastKnownFileType</key>
			<string>wrapper.framework</string>
			<key>name</key>
			<string>CoreData.framework</string>
			<key>path</key>
			<string>System/Library/Frameworks/CoreData.framework</string>
			<key>sourceTree</key>
			<string>SDKROOT</string>
		</dict>
		<key>0C7342DB16ADB00B00EA101F</key>
		<dict>
			<key>isa</key>
			<string>PBXFileReference</string>
			<key>lastKnownFileType</key>
			<string>wrapper.framework</string>
			<key>name</key>
			<string>Foundation.framework</string>
			<key>path</key>
			<string>System/Library/Frameworks/Foundation.framework</string>
			<key>sourceTree</key>
			<string>SDKROOT</string>
		</dict>
		<key>0C7342DC16ADB00B00EA101F</key>
		<dict>
			<key>children</key>
			<array>
				<string>0C7342E816ADB00B00EA101F</string>
				<string>0C7342E916ADB00B00EA101F</string>
				<string>0C7343B016AEA6F400EA101F</string>
				<string>0C7342DD16ADB00B00EA101F</string>
			</array>
			<key>isa</key>
			<string>PBXGroup</string>
			<key>name</key>
			<string>Pryv</string>
			<key>path</key>
			<string>PrYv</string>
			<key>sourceTree</key>
			<string>&lt;group&gt;</string>
		</dict>
		<key>0C7342DD16ADB00B00EA101F</key>
		<dict>
			<key>children</key>
			<array>
				<string>0C7342DE16ADB00B00EA101F</string>
				<string>0C7342DF16ADB00B00EA101F</string>
				<string>0C7342E216ADB00B00EA101F</string>
				<string>0C7342E416ADB00B00EA101F</string>
				<string>0C7342E516ADB00B00EA101F</string>
			</array>
			<key>isa</key>
			<string>PBXGroup</string>
			<key>name</key>
			<string>Supporting Files</string>
			<key>sourceTree</key>
			<string>&lt;group&gt;</string>
		</dict>
		<key>0C7342DE16ADB00B00EA101F</key>
		<dict>
			<key>isa</key>
			<string>PBXFileReference</string>
			<key>lastKnownFileType</key>
			<string>text.plist.xml</string>
			<key>path</key>
			<string>osx-integration-Info.plist</string>
			<key>sourceTree</key>
			<string>&lt;group&gt;</string>
		</dict>
		<key>0C7342DF16ADB00B00EA101F</key>
		<dict>
			<key>children</key>
			<array>
				<string>0C7342E016ADB00B00EA101F</string>
			</array>
			<key>isa</key>
			<string>PBXVariantGroup</string>
			<key>name</key>
			<string>InfoPlist.strings</string>
			<key>sourceTree</key>
			<string>&lt;group&gt;</string>
		</dict>
		<key>0C7342E016ADB00B00EA101F</key>
		<dict>
			<key>isa</key>
			<string>PBXFileReference</string>
			<key>lastKnownFileType</key>
			<string>text.plist.strings</string>
			<key>name</key>
			<string>en</string>
			<key>path</key>
			<string>en.lproj/InfoPlist.strings</string>
			<key>sourceTree</key>
			<string>&lt;group&gt;</string>
		</dict>
		<key>0C7342E116ADB00B00EA101F</key>
		<dict>
			<key>fileRef</key>
			<string>0C7342DF16ADB00B00EA101F</string>
			<key>isa</key>
			<string>PBXBuildFile</string>
		</dict>
		<key>0C7342E216ADB00B00EA101F</key>
		<dict>
			<key>isa</key>
			<string>PBXFileReference</string>
			<key>lastKnownFileType</key>
			<string>sourcecode.c.objc</string>
			<key>path</key>
			<string>main.m</string>
			<key>sourceTree</key>
			<string>&lt;group&gt;</string>
		</dict>
		<key>0C7342E316ADB00B00EA101F</key>
		<dict>
			<key>fileRef</key>
			<string>0C7342E216ADB00B00EA101F</string>
			<key>isa</key>
			<string>PBXBuildFile</string>
		</dict>
		<key>0C7342E416ADB00B00EA101F</key>
		<dict>
			<key>isa</key>
			<string>PBXFileReference</string>
			<key>lastKnownFileType</key>
			<string>sourcecode.c.h</string>
			<key>path</key>
			<string>osx-integration-Prefix.pch</string>
			<key>sourceTree</key>
			<string>&lt;group&gt;</string>
		</dict>
		<key>0C7342E516ADB00B00EA101F</key>
		<dict>
			<key>children</key>
			<array>
				<string>0C7342E616ADB00B00EA101F</string>
			</array>
			<key>isa</key>
			<string>PBXVariantGroup</string>
			<key>name</key>
			<string>Credits.rtf</string>
			<key>sourceTree</key>
			<string>&lt;group&gt;</string>
		</dict>
		<key>0C7342E616ADB00B00EA101F</key>
		<dict>
			<key>isa</key>
			<string>PBXFileReference</string>
			<key>lastKnownFileType</key>
			<string>text.rtf</string>
			<key>name</key>
			<string>en</string>
			<key>path</key>
			<string>en.lproj/Credits.rtf</string>
			<key>sourceTree</key>
			<string>&lt;group&gt;</string>
		</dict>
		<key>0C7342E716ADB00B00EA101F</key>
		<dict>
			<key>fileRef</key>
			<string>0C7342E516ADB00B00EA101F</string>
			<key>isa</key>
			<string>PBXBuildFile</string>
		</dict>
		<key>0C7342E816ADB00B00EA101F</key>
		<dict>
			<key>isa</key>
			<string>PBXFileReference</string>
			<key>lastKnownFileType</key>
			<string>sourcecode.c.h</string>
			<key>path</key>
			<string>PYAppDelegate.h</string>
			<key>sourceTree</key>
			<string>&lt;group&gt;</string>
		</dict>
		<key>0C7342E916ADB00B00EA101F</key>
		<dict>
			<key>isa</key>
			<string>PBXFileReference</string>
			<key>lastKnownFileType</key>
			<string>sourcecode.c.objc</string>
			<key>path</key>
			<string>PYAppDelegate.m</string>
			<key>sourceTree</key>
			<string>&lt;group&gt;</string>
		</dict>
		<key>0C7342EA16ADB00B00EA101F</key>
		<dict>
			<key>fileRef</key>
			<string>0C7342E916ADB00B00EA101F</string>
			<key>isa</key>
			<string>PBXBuildFile</string>
		</dict>
		<key>0C7342EB16ADB00B00EA101F</key>
		<dict>
			<key>children</key>
			<array>
				<string>0C7342EC16ADB00B00EA101F</string>
			</array>
			<key>isa</key>
			<string>PBXVariantGroup</string>
			<key>name</key>
			<string>MainMenu.xib</string>
			<key>sourceTree</key>
			<string>&lt;group&gt;</string>
		</dict>
		<key>0C7342EC16ADB00B00EA101F</key>
		<dict>
			<key>isa</key>
			<string>PBXFileReference</string>
			<key>lastKnownFileType</key>
			<string>file.xib</string>
			<key>name</key>
			<string>en</string>
			<key>path</key>
			<string>en.lproj/MainMenu.xib</string>
			<key>sourceTree</key>
			<string>&lt;group&gt;</string>
		</dict>
		<key>0C7342ED16ADB00B00EA101F</key>
		<dict>
			<key>fileRef</key>
			<string>0C7342EB16ADB00B00EA101F</string>
			<key>isa</key>
			<string>PBXBuildFile</string>
		</dict>
		<key>0C7342EE16ADB00B00EA101F</key>
		<dict>
			<key>children</key>
			<array>
				<string>0C7342EF16ADB00B00EA101F</string>
			</array>
			<key>currentVersion</key>
			<string>0C7342EF16ADB00B00EA101F</string>
			<key>isa</key>
			<string>XCVersionGroup</string>
			<key>name</key>
			<string>PrYv.xcdatamodeld</string>
			<key>path</key>
			<string>PrYv/PrYv.xcdatamodeld</string>
			<key>sourceTree</key>
			<string>&lt;group&gt;</string>
			<key>versionGroupType</key>
			<string>wrapper.xcdatamodel</string>
		</dict>
		<key>0C7342EF16ADB00B00EA101F</key>
		<dict>
			<key>isa</key>
			<string>PBXFileReference</string>
			<key>lastKnownFileType</key>
			<string>wrapper.xcdatamodel</string>
			<key>path</key>
			<string>PrYv.xcdatamodel</string>
			<key>sourceTree</key>
			<string>&lt;group&gt;</string>
		</dict>
		<key>0C7342F016ADB00B00EA101F</key>
		<dict>
			<key>fileRef</key>
			<string>0C7342EE16ADB00B00EA101F</string>
			<key>isa</key>
			<string>PBXBuildFile</string>
		</dict>
		<key>0C7342F716ADB00B00EA101F</key>
		<dict>
			<key>isa</key>
			<string>PBXFileReference</string>
			<key>lastKnownFileType</key>
			<string>wrapper.framework</string>
			<key>name</key>
			<string>SenTestingKit.framework</string>
			<key>path</key>
			<string>Library/Frameworks/SenTestingKit.framework</string>
			<key>sourceTree</key>
			<string>DEVELOPER_DIR</string>
		</dict>
		<key>0C73430516ADB00B00EA101F</key>
		<dict>
			<key>buildSettings</key>
			<dict>
				<key>ALWAYS_SEARCH_USER_PATHS</key>
				<string>NO</string>
				<key>ARCHS</key>
				<string>$(ARCHS_STANDARD_64_BIT)</string>
				<key>CLANG_CXX_LANGUAGE_STANDARD</key>
				<string>gnu++0x</string>
				<key>CLANG_CXX_LIBRARY</key>
				<string>libc++</string>
				<key>CLANG_WARN_EMPTY_BODY</key>
				<string>YES</string>
				<key>CLANG_WARN__DUPLICATE_METHOD_MATCH</key>
				<string>YES</string>
				<key>CODE_SIGN_ENTITLEMENTS</key>
				<string></string>
				<key>CODE_SIGN_IDENTITY</key>
				<string>Mac Developer</string>
				<key>COPY_PHASE_STRIP</key>
				<string>NO</string>
				<key>GCC_C_LANGUAGE_STANDARD</key>
				<string>gnu99</string>
				<key>GCC_DYNAMIC_NO_PIC</key>
				<string>NO</string>
				<key>GCC_ENABLE_OBJC_EXCEPTIONS</key>
				<string>YES</string>
				<key>GCC_OPTIMIZATION_LEVEL</key>
				<string>0</string>
				<key>GCC_PREPROCESSOR_DEFINITIONS</key>
				<array>
					<string>DEBUG=1</string>
					<string>$(inherited)</string>
				</array>
				<key>GCC_SYMBOLS_PRIVATE_EXTERN</key>
				<string>NO</string>
				<key>GCC_WARN_64_TO_32_BIT_CONVERSION</key>
				<string>YES</string>
				<key>GCC_WARN_ABOUT_RETURN_TYPE</key>
				<string>YES</string>
				<key>GCC_WARN_UNINITIALIZED_AUTOS</key>
				<string>YES</string>
				<key>GCC_WARN_UNUSED_VARIABLE</key>
				<string>YES</string>
				<key>HEADER_SEARCH_PATHS</key>
				<string>$(PROJECT_DIR)/**</string>
				<key>MACOSX_DEPLOYMENT_TARGET</key>
				<string>10.6</string>
				<key>ONLY_ACTIVE_ARCH</key>
				<string>YES</string>
				<key>PROVISIONING_PROFILE</key>
				<string>981FC22D-15BF-46B1-8001-9273801ACE3B</string>
				<key>SDKROOT</key>
				<string>macosx</string>
				<key>USER_HEADER_SEARCH_PATHS</key>
				<string>$(PROJECT_DIR)/**</string>
			</dict>
			<key>isa</key>
			<string>XCBuildConfiguration</string>
			<key>name</key>
			<string>Debug</string>
		</dict>
		<key>0C73430616ADB00B00EA101F</key>
		<dict>
			<key>buildSettings</key>
			<dict>
				<key>ALWAYS_SEARCH_USER_PATHS</key>
				<string>NO</string>
				<key>ARCHS</key>
				<string>$(ARCHS_STANDARD_64_BIT)</string>
				<key>CLANG_CXX_LANGUAGE_STANDARD</key>
				<string>gnu++0x</string>
				<key>CLANG_CXX_LIBRARY</key>
				<string>libc++</string>
				<key>CLANG_WARN_EMPTY_BODY</key>
				<string>YES</string>
				<key>CLANG_WARN__DUPLICATE_METHOD_MATCH</key>
				<string>YES</string>
				<key>CODE_SIGN_ENTITLEMENTS</key>
				<string></string>
				<key>CODE_SIGN_IDENTITY</key>
				<string>Mac Developer</string>
				<key>COPY_PHASE_STRIP</key>
				<string>YES</string>
				<key>DEBUG_INFORMATION_FORMAT</key>
				<string>dwarf-with-dsym</string>
				<key>GCC_C_LANGUAGE_STANDARD</key>
				<string>gnu99</string>
				<key>GCC_ENABLE_OBJC_EXCEPTIONS</key>
				<string>YES</string>
				<key>GCC_WARN_64_TO_32_BIT_CONVERSION</key>
				<string>YES</string>
				<key>GCC_WARN_ABOUT_RETURN_TYPE</key>
				<string>YES</string>
				<key>GCC_WARN_UNINITIALIZED_AUTOS</key>
				<string>YES</string>
				<key>GCC_WARN_UNUSED_VARIABLE</key>
				<string>YES</string>
				<key>HEADER_SEARCH_PATHS</key>
				<string>$(PROJECT_DIR)/**</string>
				<key>MACOSX_DEPLOYMENT_TARGET</key>
				<string>10.6</string>
				<key>PROVISIONING_PROFILE</key>
				<string>981FC22D-15BF-46B1-8001-9273801ACE3B</string>
				<key>SDKROOT</key>
				<string>macosx</string>
				<key>USER_HEADER_SEARCH_PATHS</key>
				<string>$(PROJECT_DIR)/**</string>
			</dict>
			<key>isa</key>
			<string>XCBuildConfiguration</string>
			<key>name</key>
			<string>Release</string>
		</dict>
		<key>0C73430716ADB00B00EA101F</key>
		<dict>
			<key>buildConfigurations</key>
			<array>
				<string>0C73430816ADB00B00EA101F</string>
				<string>0C9B756916D3816900A7FEBD</string>
				<string>0C73430916ADB00B00EA101F</string>
				<string>0CC0F39817EEE9EB00870E29</string>
			</array>
			<key>defaultConfigurationIsVisible</key>
			<string>0</string>
			<key>defaultConfigurationName</key>
			<string>Release</string>
			<key>isa</key>
			<string>XCConfigurationList</string>
		</dict>
		<key>0C73430816ADB00B00EA101F</key>
		<dict>
			<key>baseConfigurationReference</key>
			<string>ED76E5B3947640C3933B56FF</string>
			<key>buildSettings</key>
			<dict>
				<key>CLANG_LINK_OBJC_RUNTIME</key>
				<string>NO</string>
				<key>CODE_SIGN_ENTITLEMENTS</key>
				<string>PrYv/PrYv.entitlements</string>
				<key>CODE_SIGN_IDENTITY</key>
				<string>Mac Developer</string>
				<key>CODE_SIGN_IDENTITY[sdk=macosx*]</key>
				<string>Mac Developer</string>
				<key>COMBINE_HIDPI_IMAGES</key>
				<string>YES</string>
				<key>FRAMEWORK_SEARCH_PATHS</key>
				<string>$(inherited)</string>
				<key>GCC_PRECOMPILE_PREFIX_HEADER</key>
				<string>YES</string>
				<key>GCC_PREFIX_HEADER</key>
				<string>PrYv/osx-integration-Prefix.pch</string>
				<key>GCC_PREPROCESSOR_DEFINITIONS</key>
				<array>
					<string>CACHE=1</string>
					<string>DEBUG=1</string>
					<string>$(inherited)</string>
				</array>
				<key>INFOPLIST_FILE</key>
				<string>PrYv/osx-integration-Info.plist</string>
				<key>MACOSX_DEPLOYMENT_TARGET</key>
				<string>10.6</string>
				<key>PRODUCT_NAME</key>
				<string>Pryv</string>
				<key>PROVISIONING_PROFILE</key>
				<string>981FC22D-15BF-46B1-8001-9273801ACE3B</string>
				<key>SDKROOT</key>
				<string>macosx</string>
				<key>SKIP_INSTALL</key>
				<string>NO</string>
				<key>WRAPPER_EXTENSION</key>
				<string>app</string>
			</dict>
			<key>isa</key>
			<string>XCBuildConfiguration</string>
			<key>name</key>
			<string>Debug</string>
		</dict>
		<key>0C73430916ADB00B00EA101F</key>
		<dict>
			<key>baseConfigurationReference</key>
			<string>ED76E5B3947640C3933B56FF</string>
			<key>buildSettings</key>
			<dict>
				<key>CLANG_LINK_OBJC_RUNTIME</key>
				<string>NO</string>
				<key>CODE_SIGN_ENTITLEMENTS</key>
				<string>PrYv/PrYv.entitlements</string>
				<key>CODE_SIGN_IDENTITY</key>
				<string>Mac Developer</string>
				<key>CODE_SIGN_IDENTITY[sdk=macosx*]</key>
				<string>Mac Developer</string>
				<key>COMBINE_HIDPI_IMAGES</key>
				<string>YES</string>
				<key>COPY_PHASE_STRIP</key>
				<string>NO</string>
				<key>FRAMEWORK_SEARCH_PATHS</key>
				<string>$(inherited)</string>
				<key>GCC_PRECOMPILE_PREFIX_HEADER</key>
				<string>YES</string>
				<key>GCC_PREFIX_HEADER</key>
				<string>PrYv/osx-integration-Prefix.pch</string>
				<key>INFOPLIST_FILE</key>
				<string>PrYv/osx-integration-Info.plist</string>
				<key>MACOSX_DEPLOYMENT_TARGET</key>
				<string>10.6</string>
				<key>PRODUCT_NAME</key>
				<string>Pryv</string>
				<key>PROVISIONING_PROFILE</key>
				<string>981FC22D-15BF-46B1-8001-9273801ACE3B</string>
				<key>SDKROOT</key>
				<string>macosx</string>
				<key>SKIP_INSTALL</key>
				<string>NO</string>
				<key>WRAPPER_EXTENSION</key>
				<string>app</string>
			</dict>
			<key>isa</key>
			<string>XCBuildConfiguration</string>
			<key>name</key>
			<string>Release</string>
		</dict>
		<key>0C7343B016AEA6F400EA101F</key>
		<dict>
			<key>isa</key>
			<string>PBXFileReference</string>
			<key>lastKnownFileType</key>
			<string>text.xml</string>
			<key>path</key>
			<string>PrYv.entitlements</string>
			<key>sourceTree</key>
			<string>&lt;group&gt;</string>
		</dict>
		<key>0C737EE417F1B39C0040168D</key>
		<dict>
			<key>buildActionMask</key>
			<string>12</string>
			<key>dstPath</key>
			<string></string>
			<key>dstSubfolderSpec</key>
			<string>10</string>
			<key>files</key>
			<array/>
			<key>isa</key>
			<string>PBXCopyFilesBuildPhase</string>
			<key>name</key>
			<string>Copy Files</string>
			<key>runOnlyForDeploymentPostprocessing</key>
			<string>0</string>
		</dict>
		<key>0C96BFF7185122E4007155E2</key>
		<dict>
			<key>fileEncoding</key>
			<string>4</string>
			<key>isa</key>
			<string>PBXFileReference</string>
			<key>lastKnownFileType</key>
			<string>sourcecode.c.h</string>
			<key>name</key>
			<string>PYPreferencesPaneController.h</string>
			<key>path</key>
			<string>PrYv/PYPreferencesPaneController.h</string>
			<key>sourceTree</key>
			<string>&lt;group&gt;</string>
		</dict>
		<key>0C96BFF8185122E4007155E2</key>
		<dict>
			<key>fileEncoding</key>
			<string>4</string>
			<key>isa</key>
			<string>PBXFileReference</string>
			<key>lastKnownFileType</key>
			<string>sourcecode.c.objc</string>
			<key>name</key>
			<string>PYPreferencesPaneController.m</string>
			<key>path</key>
			<string>PrYv/PYPreferencesPaneController.m</string>
			<key>sourceTree</key>
			<string>&lt;group&gt;</string>
		</dict>
		<key>0C96BFF9185122E4007155E2</key>
		<dict>
			<key>fileEncoding</key>
			<string>4</string>
			<key>isa</key>
			<string>PBXFileReference</string>
			<key>lastKnownFileType</key>
			<string>file.xib</string>
			<key>path</key>
			<string>PreferencesPane.xib</string>
			<key>sourceTree</key>
			<string>&lt;group&gt;</string>
		</dict>
		<key>0C96BFFA185122E4007155E2</key>
		<dict>
			<key>fileRef</key>
			<string>0C96BFF8185122E4007155E2</string>
			<key>isa</key>
			<string>PBXBuildFile</string>
		</dict>
		<key>0C96BFFB185122E4007155E2</key>
		<dict>
			<key>fileRef</key>
			<string>0C96BFF9185122E4007155E2</string>
			<key>isa</key>
			<string>PBXBuildFile</string>
		</dict>
		<key>0C9B753C16D37AAF00A7FEBD</key>
		<dict>
			<key>buildActionMask</key>
			<string>2147483647</string>
			<key>files</key>
			<array>
				<string>0C9B754C16D37AAF00A7FEBD</string>
			</array>
			<key>isa</key>
			<string>PBXSourcesBuildPhase</string>
			<key>runOnlyForDeploymentPostprocessing</key>
			<string>0</string>
		</dict>
		<key>0C9B753D16D37AAF00A7FEBD</key>
		<dict>
			<key>buildActionMask</key>
			<string>2147483647</string>
			<key>files</key>
			<array>
				<string>0C9B754216D37AAF00A7FEBD</string>
				<string>0C9B754316D37AAF00A7FEBD</string>
			</array>
			<key>isa</key>
			<string>PBXFrameworksBuildPhase</string>
			<key>runOnlyForDeploymentPostprocessing</key>
			<string>0</string>
		</dict>
		<key>0C9B753E16D37AAF00A7FEBD</key>
		<dict>
			<key>buildActionMask</key>
			<string>2147483647</string>
			<key>files</key>
			<array>
				<string>0C9B754916D37AAF00A7FEBD</string>
			</array>
			<key>isa</key>
			<string>PBXResourcesBuildPhase</string>
			<key>runOnlyForDeploymentPostprocessing</key>
			<string>0</string>
		</dict>
		<key>0C9B753F16D37AAF00A7FEBD</key>
		<dict>
			<key>buildActionMask</key>
			<string>2147483647</string>
			<key>files</key>
			<array/>
			<key>inputPaths</key>
			<array/>
			<key>isa</key>
			<string>PBXShellScriptBuildPhase</string>
			<key>outputPaths</key>
			<array/>
			<key>runOnlyForDeploymentPostprocessing</key>
			<string>0</string>
			<key>shellPath</key>
			<string>/bin/sh</string>
			<key>shellScript</key>
			<string># Run the unit tests in this test bundle.
"${SYSTEM_DEVELOPER_DIR}/Tools/RunUnitTests"
</string>
		</dict>
		<key>0C9B754016D37AAF00A7FEBD</key>
		<dict>
			<key>buildConfigurationList</key>
			<string>0C9B754E16D37AAF00A7FEBD</string>
			<key>buildPhases</key>
			<array>
				<string>0C9B753C16D37AAF00A7FEBD</string>
				<string>0C9B753D16D37AAF00A7FEBD</string>
				<string>0C9B753E16D37AAF00A7FEBD</string>
				<string>0C9B753F16D37AAF00A7FEBD</string>
			</array>
			<key>buildRules</key>
			<array/>
			<key>dependencies</key>
			<array/>
			<key>isa</key>
			<string>PBXNativeTarget</string>
			<key>name</key>
			<string>osx-integrationLogicTests</string>
			<key>productName</key>
			<string>PrYvTests</string>
			<key>productReference</key>
			<string>0C9B754116D37AAF00A7FEBD</string>
			<key>productType</key>
			<string>com.apple.product-type.bundle</string>
		</dict>
		<key>0C9B754116D37AAF00A7FEBD</key>
		<dict>
			<key>explicitFileType</key>
			<string>wrapper.cfbundle</string>
			<key>includeInIndex</key>
			<string>0</string>
			<key>isa</key>
			<string>PBXFileReference</string>
			<key>path</key>
			<string>osx-integrationLogicTests.octest</string>
			<key>sourceTree</key>
			<string>BUILT_PRODUCTS_DIR</string>
		</dict>
		<key>0C9B754216D37AAF00A7FEBD</key>
		<dict>
			<key>fileRef</key>
			<string>0C7342F716ADB00B00EA101F</string>
			<key>isa</key>
			<string>PBXBuildFile</string>
		</dict>
		<key>0C9B754316D37AAF00A7FEBD</key>
		<dict>
			<key>fileRef</key>
			<string>0C7342D616ADB00B00EA101F</string>
			<key>isa</key>
			<string>PBXBuildFile</string>
		</dict>
		<key>0C9B754416D37AAF00A7FEBD</key>
		<dict>
			<key>children</key>
			<array>
				<string>0C9B754A16D37AAF00A7FEBD</string>
				<string>0C9B754B16D37AAF00A7FEBD</string>
				<string>0C9B754516D37AAF00A7FEBD</string>
			</array>
			<key>isa</key>
			<string>PBXGroup</string>
			<key>name</key>
			<string>PrYvLogicTests</string>
			<key>path</key>
			<string>PrYvTests</string>
			<key>sourceTree</key>
			<string>&lt;group&gt;</string>
		</dict>
		<key>0C9B754516D37AAF00A7FEBD</key>
		<dict>
			<key>children</key>
			<array>
				<string>0C9B754616D37AAF00A7FEBD</string>
				<string>0C9B754716D37AAF00A7FEBD</string>
				<string>0C9B754D16D37AAF00A7FEBD</string>
			</array>
			<key>isa</key>
			<string>PBXGroup</string>
			<key>name</key>
			<string>Supporting Files</string>
			<key>sourceTree</key>
			<string>&lt;group&gt;</string>
		</dict>
		<key>0C9B754616D37AAF00A7FEBD</key>
		<dict>
			<key>isa</key>
			<string>PBXFileReference</string>
			<key>lastKnownFileType</key>
			<string>text.plist.xml</string>
			<key>path</key>
			<string>osx-integrationTests-Info.plist</string>
			<key>sourceTree</key>
			<string>&lt;group&gt;</string>
		</dict>
		<key>0C9B754716D37AAF00A7FEBD</key>
		<dict>
			<key>children</key>
			<array>
				<string>0C9B754816D37AAF00A7FEBD</string>
			</array>
			<key>isa</key>
			<string>PBXVariantGroup</string>
			<key>name</key>
			<string>InfoPlist.strings</string>
			<key>sourceTree</key>
			<string>&lt;group&gt;</string>
		</dict>
		<key>0C9B754816D37AAF00A7FEBD</key>
		<dict>
			<key>isa</key>
			<string>PBXFileReference</string>
			<key>lastKnownFileType</key>
			<string>text.plist.strings</string>
			<key>name</key>
			<string>en</string>
			<key>path</key>
			<string>en.lproj/InfoPlist.strings</string>
			<key>sourceTree</key>
			<string>&lt;group&gt;</string>
		</dict>
		<key>0C9B754916D37AAF00A7FEBD</key>
		<dict>
			<key>fileRef</key>
			<string>0C9B754716D37AAF00A7FEBD</string>
			<key>isa</key>
			<string>PBXBuildFile</string>
		</dict>
		<key>0C9B754A16D37AAF00A7FEBD</key>
		<dict>
			<key>isa</key>
			<string>PBXFileReference</string>
			<key>lastKnownFileType</key>
			<string>sourcecode.c.h</string>
			<key>path</key>
			<string>PrYvLogicTests.h</string>
			<key>sourceTree</key>
			<string>&lt;group&gt;</string>
		</dict>
		<key>0C9B754B16D37AAF00A7FEBD</key>
		<dict>
			<key>isa</key>
			<string>PBXFileReference</string>
			<key>lastKnownFileType</key>
			<string>sourcecode.c.objc</string>
			<key>path</key>
			<string>PrYvLogicTests.m</string>
			<key>sourceTree</key>
			<string>&lt;group&gt;</string>
		</dict>
		<key>0C9B754C16D37AAF00A7FEBD</key>
		<dict>
			<key>fileRef</key>
			<string>0C9B754B16D37AAF00A7FEBD</string>
			<key>isa</key>
			<string>PBXBuildFile</string>
		</dict>
		<key>0C9B754D16D37AAF00A7FEBD</key>
		<dict>
			<key>isa</key>
			<string>PBXFileReference</string>
			<key>lastKnownFileType</key>
			<string>sourcecode.c.h</string>
			<key>path</key>
			<string>osx-integrationTests-Prefix.pch</string>
			<key>sourceTree</key>
			<string>&lt;group&gt;</string>
		</dict>
		<key>0C9B754E16D37AAF00A7FEBD</key>
		<dict>
			<key>buildConfigurations</key>
			<array>
				<string>0C9B754F16D37AAF00A7FEBD</string>
				<string>0C9B756A16D3816900A7FEBD</string>
				<string>0C9B755016D37AAF00A7FEBD</string>
				<string>0CC0F39917EEE9EB00870E29</string>
			</array>
			<key>defaultConfigurationIsVisible</key>
			<string>0</string>
			<key>defaultConfigurationName</key>
			<string>Release</string>
			<key>isa</key>
			<string>XCConfigurationList</string>
		</dict>
		<key>0C9B754F16D37AAF00A7FEBD</key>
		<dict>
			<key>buildSettings</key>
			<dict>
				<key>CLANG_WARN_CONSTANT_CONVERSION</key>
				<string>YES</string>
				<key>CLANG_WARN_ENUM_CONVERSION</key>
				<string>YES</string>
				<key>CLANG_WARN_INT_CONVERSION</key>
				<string>YES</string>
				<key>COMBINE_HIDPI_IMAGES</key>
				<string>YES</string>
				<key>FRAMEWORK_SEARCH_PATHS</key>
				<string>"$(DEVELOPER_LIBRARY_DIR)/Frameworks"</string>
				<key>GCC_PRECOMPILE_PREFIX_HEADER</key>
				<string>YES</string>
				<key>GCC_PREFIX_HEADER</key>
				<string>PrYvTests/osx-integrationTests-Prefix.pch</string>
				<key>INFOPLIST_FILE</key>
				<string>PrYvTests/osx-integrationTests-Info.plist</string>
				<key>MACOSX_DEPLOYMENT_TARGET</key>
				<string>10.8</string>
				<key>PRODUCT_NAME</key>
				<string>osx-integrationLogicTests</string>
				<key>PROVISIONING_PROFILE</key>
				<string>981FC22D-15BF-46B1-8001-9273801ACE3B</string>
				<key>WRAPPER_EXTENSION</key>
				<string>octest</string>
			</dict>
			<key>isa</key>
			<string>XCBuildConfiguration</string>
			<key>name</key>
			<string>Debug</string>
		</dict>
		<key>0C9B755016D37AAF00A7FEBD</key>
		<dict>
			<key>buildSettings</key>
			<dict>
				<key>CLANG_WARN_CONSTANT_CONVERSION</key>
				<string>YES</string>
				<key>CLANG_WARN_ENUM_CONVERSION</key>
				<string>YES</string>
				<key>CLANG_WARN_INT_CONVERSION</key>
				<string>YES</string>
				<key>COMBINE_HIDPI_IMAGES</key>
				<string>YES</string>
				<key>FRAMEWORK_SEARCH_PATHS</key>
				<string>"$(DEVELOPER_LIBRARY_DIR)/Frameworks"</string>
				<key>GCC_PRECOMPILE_PREFIX_HEADER</key>
				<string>YES</string>
				<key>GCC_PREFIX_HEADER</key>
				<string>PrYvTests/osx-integrationTests-Prefix.pch</string>
				<key>INFOPLIST_FILE</key>
				<string>PrYvTests/osx-integrationTests-Info.plist</string>
				<key>MACOSX_DEPLOYMENT_TARGET</key>
				<string>10.8</string>
				<key>PRODUCT_NAME</key>
				<string>osx-integrationLogicTests</string>
				<key>PROVISIONING_PROFILE</key>
				<string>981FC22D-15BF-46B1-8001-9273801ACE3B</string>
				<key>WRAPPER_EXTENSION</key>
				<string>octest</string>
			</dict>
			<key>isa</key>
			<string>XCBuildConfiguration</string>
			<key>name</key>
			<string>Release</string>
		</dict>
		<key>0C9B755116D37C3200A7FEBD</key>
		<dict>
			<key>buildActionMask</key>
			<string>2147483647</string>
			<key>files</key>
			<array>
				<string>0C9B756116D37C3200A7FEBD</string>
			</array>
			<key>isa</key>
			<string>PBXSourcesBuildPhase</string>
			<key>runOnlyForDeploymentPostprocessing</key>
			<string>0</string>
		</dict>
		<key>0C9B755216D37C3200A7FEBD</key>
		<dict>
			<key>buildActionMask</key>
			<string>2147483647</string>
			<key>files</key>
			<array>
				<string>0C9B755716D37C3200A7FEBD</string>
				<string>0C9B755816D37C3200A7FEBD</string>
			</array>
			<key>isa</key>
			<string>PBXFrameworksBuildPhase</string>
			<key>runOnlyForDeploymentPostprocessing</key>
			<string>0</string>
		</dict>
		<key>0C9B755316D37C3200A7FEBD</key>
		<dict>
			<key>buildActionMask</key>
			<string>2147483647</string>
			<key>files</key>
			<array>
				<string>0C9B755E16D37C3200A7FEBD</string>
			</array>
			<key>isa</key>
			<string>PBXResourcesBuildPhase</string>
			<key>runOnlyForDeploymentPostprocessing</key>
			<string>0</string>
		</dict>
		<key>0C9B755416D37C3200A7FEBD</key>
		<dict>
			<key>buildActionMask</key>
			<string>2147483647</string>
			<key>files</key>
			<array/>
			<key>inputPaths</key>
			<array/>
			<key>isa</key>
			<string>PBXShellScriptBuildPhase</string>
			<key>outputPaths</key>
			<array/>
			<key>runOnlyForDeploymentPostprocessing</key>
			<string>0</string>
			<key>shellPath</key>
			<string>/bin/sh</string>
			<key>shellScript</key>
			<string># Run the unit tests in this test bundle.
"${SYSTEM_DEVELOPER_DIR}/Tools/RunUnitTests"
</string>
		</dict>
		<key>0C9B755516D37C3200A7FEBD</key>
		<dict>
			<key>buildConfigurationList</key>
			<string>0C9B756316D37C3200A7FEBD</string>
			<key>buildPhases</key>
			<array>
				<string>0C9B755116D37C3200A7FEBD</string>
				<string>0C9B755216D37C3200A7FEBD</string>
				<string>0C9B755316D37C3200A7FEBD</string>
				<string>0C9B755416D37C3200A7FEBD</string>
			</array>
			<key>buildRules</key>
			<array/>
			<key>dependencies</key>
			<array>
				<string>0C9B756716D37D2100A7FEBD</string>
			</array>
			<key>isa</key>
			<string>PBXNativeTarget</string>
			<key>name</key>
			<string>osx-integrationApplicationTests</string>
			<key>productName</key>
			<string>PrYvApplicationTests</string>
			<key>productReference</key>
			<string>0C9B755616D37C3200A7FEBD</string>
			<key>productType</key>
			<string>com.apple.product-type.bundle</string>
		</dict>
		<key>0C9B755616D37C3200A7FEBD</key>
		<dict>
			<key>explicitFileType</key>
			<string>wrapper.cfbundle</string>
			<key>includeInIndex</key>
			<string>0</string>
			<key>isa</key>
			<string>PBXFileReference</string>
			<key>path</key>
			<string>osx-integrationApplicationTests.octest</string>
			<key>sourceTree</key>
			<string>BUILT_PRODUCTS_DIR</string>
		</dict>
		<key>0C9B755716D37C3200A7FEBD</key>
		<dict>
			<key>fileRef</key>
			<string>0C7342F716ADB00B00EA101F</string>
			<key>isa</key>
			<string>PBXBuildFile</string>
		</dict>
		<key>0C9B755816D37C3200A7FEBD</key>
		<dict>
			<key>fileRef</key>
			<string>0C7342D616ADB00B00EA101F</string>
			<key>isa</key>
			<string>PBXBuildFile</string>
		</dict>
		<key>0C9B755916D37C3200A7FEBD</key>
		<dict>
			<key>children</key>
			<array>
				<string>0C9B755F16D37C3200A7FEBD</string>
				<string>0C9B756016D37C3200A7FEBD</string>
				<string>0C9B755A16D37C3200A7FEBD</string>
			</array>
			<key>isa</key>
			<string>PBXGroup</string>
			<key>path</key>
			<string>PrYvApplicationTests</string>
			<key>sourceTree</key>
			<string>&lt;group&gt;</string>
		</dict>
		<key>0C9B755A16D37C3200A7FEBD</key>
		<dict>
			<key>children</key>
			<array>
				<string>0C9B755B16D37C3200A7FEBD</string>
				<string>0C9B755C16D37C3200A7FEBD</string>
				<string>0C9B756216D37C3200A7FEBD</string>
			</array>
			<key>isa</key>
			<string>PBXGroup</string>
			<key>name</key>
			<string>Supporting Files</string>
			<key>sourceTree</key>
			<string>&lt;group&gt;</string>
		</dict>
		<key>0C9B755B16D37C3200A7FEBD</key>
		<dict>
			<key>isa</key>
			<string>PBXFileReference</string>
			<key>lastKnownFileType</key>
			<string>text.plist.xml</string>
			<key>path</key>
			<string>osx-integrationApplicationTests-Info.plist</string>
			<key>sourceTree</key>
			<string>&lt;group&gt;</string>
		</dict>
		<key>0C9B755C16D37C3200A7FEBD</key>
		<dict>
			<key>children</key>
			<array>
				<string>0C9B755D16D37C3200A7FEBD</string>
			</array>
			<key>isa</key>
			<string>PBXVariantGroup</string>
			<key>name</key>
			<string>InfoPlist.strings</string>
			<key>sourceTree</key>
			<string>&lt;group&gt;</string>
		</dict>
		<key>0C9B755D16D37C3200A7FEBD</key>
		<dict>
			<key>isa</key>
			<string>PBXFileReference</string>
			<key>lastKnownFileType</key>
			<string>text.plist.strings</string>
			<key>name</key>
			<string>en</string>
			<key>path</key>
			<string>en.lproj/InfoPlist.strings</string>
			<key>sourceTree</key>
			<string>&lt;group&gt;</string>
		</dict>
		<key>0C9B755E16D37C3200A7FEBD</key>
		<dict>
			<key>fileRef</key>
			<string>0C9B755C16D37C3200A7FEBD</string>
			<key>isa</key>
			<string>PBXBuildFile</string>
		</dict>
		<key>0C9B755F16D37C3200A7FEBD</key>
		<dict>
			<key>isa</key>
			<string>PBXFileReference</string>
			<key>lastKnownFileType</key>
			<string>sourcecode.c.h</string>
			<key>path</key>
			<string>PrYvApplicationTests.h</string>
			<key>sourceTree</key>
			<string>&lt;group&gt;</string>
		</dict>
		<key>0C9B756016D37C3200A7FEBD</key>
		<dict>
			<key>isa</key>
			<string>PBXFileReference</string>
			<key>lastKnownFileType</key>
			<string>sourcecode.c.objc</string>
			<key>path</key>
			<string>PrYvApplicationTests.m</string>
			<key>sourceTree</key>
			<string>&lt;group&gt;</string>
		</dict>
		<key>0C9B756116D37C3200A7FEBD</key>
		<dict>
			<key>fileRef</key>
			<string>0C9B756016D37C3200A7FEBD</string>
			<key>isa</key>
			<string>PBXBuildFile</string>
		</dict>
		<key>0C9B756216D37C3200A7FEBD</key>
		<dict>
			<key>isa</key>
			<string>PBXFileReference</string>
			<key>lastKnownFileType</key>
			<string>sourcecode.c.h</string>
			<key>path</key>
			<string>osx-integrationApplicationTests-Prefix.pch</string>
			<key>sourceTree</key>
			<string>&lt;group&gt;</string>
		</dict>
		<key>0C9B756316D37C3200A7FEBD</key>
		<dict>
			<key>buildConfigurations</key>
			<array>
				<string>0C9B756416D37C3200A7FEBD</string>
				<string>0C9B756B16D3816900A7FEBD</string>
				<string>0C9B756516D37C3200A7FEBD</string>
				<string>0CC0F39A17EEE9EB00870E29</string>
			</array>
			<key>defaultConfigurationIsVisible</key>
			<string>0</string>
			<key>defaultConfigurationName</key>
			<string>Release</string>
			<key>isa</key>
			<string>XCConfigurationList</string>
		</dict>
		<key>0C9B756416D37C3200A7FEBD</key>
		<dict>
			<key>buildSettings</key>
			<dict>
				<key>BUNDLE_LOADER</key>
				<string>$(BUILT_PRODUCTS_DIR)/PrYv.app/Contents/MacOS/PrYv</string>
				<key>CLANG_WARN_CONSTANT_CONVERSION</key>
				<string>YES</string>
				<key>CLANG_WARN_ENUM_CONVERSION</key>
				<string>YES</string>
				<key>CLANG_WARN_INT_CONVERSION</key>
				<string>YES</string>
				<key>COMBINE_HIDPI_IMAGES</key>
				<string>YES</string>
				<key>FRAMEWORK_SEARCH_PATHS</key>
				<string>"$(DEVELOPER_LIBRARY_DIR)/Frameworks"</string>
				<key>GCC_PRECOMPILE_PREFIX_HEADER</key>
				<string>YES</string>
				<key>GCC_PREFIX_HEADER</key>
				<string>PrYvApplicationTests/osx-integrationApplicationTests-Prefix.pch</string>
				<key>INFOPLIST_FILE</key>
				<string>PrYvApplicationTests/osx-integrationApplicationTests-Info.plist</string>
				<key>MACOSX_DEPLOYMENT_TARGET</key>
				<string>10.8</string>
				<key>PRODUCT_NAME</key>
				<string>osx-integrationApplicationTests</string>
				<key>SDKROOT</key>
				<string>macosx</string>
				<key>TEST_HOST</key>
				<string>$(BUNDLE_LOADER)</string>
				<key>WRAPPER_EXTENSION</key>
				<string>octest</string>
			</dict>
			<key>isa</key>
			<string>XCBuildConfiguration</string>
			<key>name</key>
			<string>Debug</string>
		</dict>
		<key>0C9B756516D37C3200A7FEBD</key>
		<dict>
			<key>buildSettings</key>
			<dict>
				<key>BUNDLE_LOADER</key>
				<string>$(BUILT_PRODUCTS_DIR)/PrYv.app/Contents/MacOS/PrYv</string>
				<key>CLANG_WARN_CONSTANT_CONVERSION</key>
				<string>YES</string>
				<key>CLANG_WARN_ENUM_CONVERSION</key>
				<string>YES</string>
				<key>CLANG_WARN_INT_CONVERSION</key>
				<string>YES</string>
				<key>COMBINE_HIDPI_IMAGES</key>
				<string>YES</string>
				<key>FRAMEWORK_SEARCH_PATHS</key>
				<string>"$(DEVELOPER_LIBRARY_DIR)/Frameworks"</string>
				<key>GCC_PRECOMPILE_PREFIX_HEADER</key>
				<string>YES</string>
				<key>GCC_PREFIX_HEADER</key>
				<string>PrYvApplicationTests/osx-integrationApplicationTests-Prefix.pch</string>
				<key>INFOPLIST_FILE</key>
				<string>PrYvApplicationTests/osx-integrationApplicationTests-Info.plist</string>
				<key>MACOSX_DEPLOYMENT_TARGET</key>
				<string>10.8</string>
				<key>PRODUCT_NAME</key>
				<string>osx-integrationApplicationTests</string>
				<key>SDKROOT</key>
				<string>macosx</string>
				<key>TEST_HOST</key>
				<string>$(BUNDLE_LOADER)</string>
				<key>WRAPPER_EXTENSION</key>
				<string>octest</string>
			</dict>
			<key>isa</key>
			<string>XCBuildConfiguration</string>
			<key>name</key>
			<string>Release</string>
		</dict>
		<key>0C9B756616D37D2100A7FEBD</key>
		<dict>
			<key>containerPortal</key>
			<string>0C7342C916ADB00B00EA101F</string>
			<key>isa</key>
			<string>PBXContainerItemProxy</string>
			<key>proxyType</key>
			<string>1</string>
			<key>remoteGlobalIDString</key>
			<string>0C7342D116ADB00B00EA101F</string>
			<key>remoteInfo</key>
			<string>PrYv</string>
		</dict>
		<key>0C9B756716D37D2100A7FEBD</key>
		<dict>
			<key>isa</key>
			<string>PBXTargetDependency</string>
			<key>target</key>
			<string>0C7342D116ADB00B00EA101F</string>
			<key>targetProxy</key>
			<string>0C9B756616D37D2100A7FEBD</string>
		</dict>
		<key>0C9B756816D3816900A7FEBD</key>
		<dict>
			<key>buildSettings</key>
			<dict>
				<key>ALWAYS_SEARCH_USER_PATHS</key>
				<string>NO</string>
				<key>ARCHS</key>
				<string>$(ARCHS_STANDARD_64_BIT)</string>
				<key>CLANG_CXX_LANGUAGE_STANDARD</key>
				<string>gnu++0x</string>
				<key>CLANG_CXX_LIBRARY</key>
				<string>libc++</string>
				<key>CLANG_WARN_EMPTY_BODY</key>
				<string>YES</string>
				<key>CLANG_WARN__DUPLICATE_METHOD_MATCH</key>
				<string>YES</string>
				<key>COPY_PHASE_STRIP</key>
				<string>NO</string>
				<key>GCC_C_LANGUAGE_STANDARD</key>
				<string>gnu99</string>
				<key>GCC_DYNAMIC_NO_PIC</key>
				<string>NO</string>
				<key>GCC_ENABLE_OBJC_EXCEPTIONS</key>
				<string>YES</string>
				<key>GCC_OPTIMIZATION_LEVEL</key>
				<string>0</string>
				<key>GCC_PREPROCESSOR_DEFINITIONS</key>
				<array>
					<string>DEBUG=1</string>
					<string>$(inherited)</string>
				</array>
				<key>GCC_SYMBOLS_PRIVATE_EXTERN</key>
				<string>NO</string>
				<key>GCC_WARN_64_TO_32_BIT_CONVERSION</key>
				<string>YES</string>
				<key>GCC_WARN_ABOUT_RETURN_TYPE</key>
				<string>YES</string>
				<key>GCC_WARN_UNINITIALIZED_AUTOS</key>
				<string>YES</string>
				<key>GCC_WARN_UNUSED_VARIABLE</key>
				<string>YES</string>
				<key>HEADER_SEARCH_PATHS</key>
				<string>$(PROJECT_DIR)/**</string>
				<key>MACOSX_DEPLOYMENT_TARGET</key>
				<string>10.6</string>
				<key>ONLY_ACTIVE_ARCH</key>
				<string>YES</string>
				<key>PROVISIONING_PROFILE</key>
				<string>981FC22D-15BF-46B1-8001-9273801ACE3B</string>
				<key>SDKROOT</key>
				<string>macosx</string>
				<key>USER_HEADER_SEARCH_PATHS</key>
				<string>$(PROJECT_DIR)/**</string>
			</dict>
			<key>isa</key>
			<string>XCBuildConfiguration</string>
			<key>name</key>
			<string>Tests</string>
		</dict>
		<key>0C9B756916D3816900A7FEBD</key>
		<dict>
			<key>baseConfigurationReference</key>
			<string>ED76E5B3947640C3933B56FF</string>
			<key>buildSettings</key>
			<dict>
				<key>CLANG_LINK_OBJC_RUNTIME</key>
				<string>NO</string>
				<key>CODE_SIGN_IDENTITY</key>
				<string>Mac Developer</string>
				<key>CODE_SIGN_IDENTITY[sdk=macosx*]</key>
				<string>Mac Developer</string>
				<key>COMBINE_HIDPI_IMAGES</key>
				<string>YES</string>
				<key>FRAMEWORK_SEARCH_PATHS</key>
				<string>$(inherited)</string>
				<key>GCC_PRECOMPILE_PREFIX_HEADER</key>
				<string>YES</string>
				<key>GCC_PREFIX_HEADER</key>
				<string>PrYv/osx-integration-Prefix.pch</string>
				<key>GCC_PREPROCESSOR_DEFINITIONS</key>
				<array>
					<string>CACHE=1</string>
					<string>DEBUG=1</string>
					<string>$(inherited)</string>
				</array>
				<key>INFOPLIST_FILE</key>
				<string>PrYv/osx-integration-Info.plist</string>
				<key>MACOSX_DEPLOYMENT_TARGET</key>
				<string>10.6</string>
				<key>PRODUCT_NAME</key>
				<string>Pryv</string>
				<key>PROVISIONING_PROFILE</key>
				<string>981FC22D-15BF-46B1-8001-9273801ACE3B</string>
				<key>SDKROOT</key>
				<string>macosx</string>
				<key>SKIP_INSTALL</key>
				<string>NO</string>
				<key>WRAPPER_EXTENSION</key>
				<string>app</string>
			</dict>
			<key>isa</key>
			<string>XCBuildConfiguration</string>
			<key>name</key>
			<string>Tests</string>
		</dict>
		<key>0C9B756A16D3816900A7FEBD</key>
		<dict>
			<key>buildSettings</key>
			<dict>
				<key>CLANG_WARN_CONSTANT_CONVERSION</key>
				<string>YES</string>
				<key>CLANG_WARN_ENUM_CONVERSION</key>
				<string>YES</string>
				<key>CLANG_WARN_INT_CONVERSION</key>
				<string>YES</string>
				<key>CODE_SIGN_IDENTITY</key>
				<string></string>
				<key>COMBINE_HIDPI_IMAGES</key>
				<string>YES</string>
				<key>FRAMEWORK_SEARCH_PATHS</key>
				<string>"$(DEVELOPER_LIBRARY_DIR)/Frameworks"</string>
				<key>GCC_PRECOMPILE_PREFIX_HEADER</key>
				<string>YES</string>
				<key>GCC_PREFIX_HEADER</key>
				<string>PrYvTests/osx-integrationTests-Prefix.pch</string>
				<key>INFOPLIST_FILE</key>
				<string>PrYvTests/osx-integrationTests-Info.plist</string>
				<key>MACOSX_DEPLOYMENT_TARGET</key>
				<string>10.8</string>
				<key>PRODUCT_NAME</key>
				<string>osx-integrationLogicTests</string>
				<key>PROVISIONING_PROFILE</key>
				<string>981FC22D-15BF-46B1-8001-9273801ACE3B</string>
				<key>WRAPPER_EXTENSION</key>
				<string>octest</string>
			</dict>
			<key>isa</key>
			<string>XCBuildConfiguration</string>
			<key>name</key>
			<string>Tests</string>
		</dict>
		<key>0C9B756B16D3816900A7FEBD</key>
		<dict>
			<key>buildSettings</key>
			<dict>
				<key>BUNDLE_LOADER</key>
				<string>$(BUILT_PRODUCTS_DIR)/PrYv.app/Contents/MacOS/PrYv</string>
				<key>CLANG_WARN_CONSTANT_CONVERSION</key>
				<string>YES</string>
				<key>CLANG_WARN_ENUM_CONVERSION</key>
				<string>YES</string>
				<key>CLANG_WARN_INT_CONVERSION</key>
				<string>YES</string>
				<key>COMBINE_HIDPI_IMAGES</key>
				<string>YES</string>
				<key>FRAMEWORK_SEARCH_PATHS</key>
				<string>"$(DEVELOPER_LIBRARY_DIR)/Frameworks"</string>
				<key>GCC_PRECOMPILE_PREFIX_HEADER</key>
				<string>YES</string>
				<key>GCC_PREFIX_HEADER</key>
				<string>PrYvApplicationTests/osx-integrationApplicationTests-Prefix.pch</string>
				<key>INFOPLIST_FILE</key>
				<string>PrYvApplicationTests/osx-integrationApplicationTests-Info.plist</string>
				<key>MACOSX_DEPLOYMENT_TARGET</key>
				<string>10.8</string>
				<key>PRODUCT_NAME</key>
				<string>osx-integrationApplicationTests</string>
				<key>SDKROOT</key>
				<string>macosx</string>
				<key>TEST_HOST</key>
				<string>$(BUNDLE_LOADER)</string>
				<key>WRAPPER_EXTENSION</key>
				<string>octest</string>
			</dict>
			<key>isa</key>
			<string>XCBuildConfiguration</string>
			<key>name</key>
			<string>Tests</string>
		</dict>
		<key>0C9EB8781877681E006B019A</key>
		<dict>
			<key>isa</key>
			<string>PBXFileReference</string>
			<key>lastKnownFileType</key>
			<string>wrapper.pb-project</string>
			<key>name</key>
			<string>PryvHelper.xcodeproj</string>
			<key>path</key>
			<string>PrYv/PryvHelper/PryvHelper.xcodeproj</string>
			<key>sourceTree</key>
			<string>&lt;group&gt;</string>
		</dict>
		<key>0C9EB8791877681E006B019A</key>
		<dict>
			<key>children</key>
			<array>
				<string>0C9EB87E18776820006B019A</string>
				<string>0C9EB88018776820006B019A</string>
			</array>
			<key>isa</key>
			<string>PBXGroup</string>
			<key>name</key>
			<string>Products</string>
			<key>sourceTree</key>
			<string>&lt;group&gt;</string>
		</dict>
		<key>0C9EB87D18776820006B019A</key>
		<dict>
			<key>containerPortal</key>
			<string>0C9EB8781877681E006B019A</string>
			<key>isa</key>
			<string>PBXContainerItemProxy</string>
			<key>proxyType</key>
			<string>2</string>
			<key>remoteGlobalIDString</key>
			<string>0C9EB8411877681E006B019A</string>
			<key>remoteInfo</key>
			<string>PryvHelper</string>
		</dict>
		<key>0C9EB87E18776820006B019A</key>
		<dict>
			<key>fileType</key>
			<string>wrapper.application</string>
			<key>isa</key>
			<string>PBXReferenceProxy</string>
			<key>path</key>
			<string>PryvHelper.app</string>
			<key>remoteRef</key>
			<string>0C9EB87D18776820006B019A</string>
			<key>sourceTree</key>
			<string>BUILT_PRODUCTS_DIR</string>
		</dict>
		<key>0C9EB87F18776820006B019A</key>
		<dict>
			<key>containerPortal</key>
			<string>0C9EB8781877681E006B019A</string>
			<key>isa</key>
			<string>PBXContainerItemProxy</string>
			<key>proxyType</key>
			<string>2</string>
			<key>remoteGlobalIDString</key>
			<string>0C9EB8621877681E006B019A</string>
			<key>remoteInfo</key>
			<string>PryvHelperTests</string>
		</dict>
		<key>0C9EB88018776820006B019A</key>
		<dict>
			<key>fileType</key>
			<string>wrapper.cfbundle</string>
			<key>isa</key>
			<string>PBXReferenceProxy</string>
			<key>path</key>
			<string>PryvHelperTests.xctest</string>
			<key>remoteRef</key>
			<string>0C9EB87F18776820006B019A</string>
			<key>sourceTree</key>
			<string>BUILT_PRODUCTS_DIR</string>
		</dict>
		<key>0C9EB88218776974006B019A</key>
		<dict>
			<key>buildActionMask</key>
			<string>2147483647</string>
			<key>dstPath</key>
			<string>Contents/Library/LoginItems</string>
			<key>dstSubfolderSpec</key>
			<string>1</string>
			<key>files</key>
			<array>
				<string>0C9EB884187769B4006B019A</string>
			</array>
			<key>isa</key>
			<string>PBXCopyFilesBuildPhase</string>
			<key>name</key>
			<string>Copy Helper App</string>
			<key>runOnlyForDeploymentPostprocessing</key>
			<string>0</string>
		</dict>
		<key>0C9EB884187769B4006B019A</key>
		<dict>
			<key>fileRef</key>
			<string>0C9EB87E18776820006B019A</string>
			<key>isa</key>
			<string>PBXBuildFile</string>
		</dict>
		<key>0C9EB8861877710A006B019A</key>
		<dict>
			<key>isa</key>
			<string>PBXFileReference</string>
			<key>lastKnownFileType</key>
			<string>wrapper.framework</string>
			<key>name</key>
			<string>ServiceManagement.framework</string>
			<key>path</key>
			<string>System/Library/Frameworks/ServiceManagement.framework</string>
			<key>sourceTree</key>
			<string>SDKROOT</string>
		</dict>
		<key>0C9EB8871877710A006B019A</key>
		<dict>
			<key>fileRef</key>
			<string>0C9EB8861877710A006B019A</string>
			<key>isa</key>
			<string>PBXBuildFile</string>
		</dict>
		<key>0CA8A2E417D5EA3200C5F507</key>
		<dict>
			<key>fileEncoding</key>
			<string>4</string>
			<key>isa</key>
			<string>PBXFileReference</string>
			<key>lastKnownFileType</key>
			<string>sourcecode.c.h</string>
			<key>name</key>
			<string>NSMutableArray+Helper.h</string>
			<key>path</key>
			<string>PrYv/NSMutableArray+Helper.h</string>
			<key>sourceTree</key>
			<string>&lt;group&gt;</string>
		</dict>
		<key>0CA8A2E517D5EA3200C5F507</key>
		<dict>
			<key>fileEncoding</key>
			<string>4</string>
			<key>isa</key>
			<string>PBXFileReference</string>
			<key>lastKnownFileType</key>
			<string>sourcecode.c.objc</string>
			<key>name</key>
			<string>NSMutableArray+Helper.m</string>
			<key>path</key>
			<string>PrYv/NSMutableArray+Helper.m</string>
			<key>sourceTree</key>
			<string>&lt;group&gt;</string>
		</dict>
		<key>0CA8A2E617D5EA3200C5F507</key>
		<dict>
			<key>fileRef</key>
			<string>0CA8A2E517D5EA3200C5F507</string>
			<key>isa</key>
			<string>PBXBuildFile</string>
		</dict>
		<key>0CBF1EC71878A3A4004A9AA9</key>
		<dict>
			<key>fileEncoding</key>
			<string>4</string>
			<key>isa</key>
			<string>PBXFileReference</string>
			<key>lastKnownFileType</key>
			<string>sourcecode.c.h</string>
			<key>name</key>
			<string>PYDetailPopupController.h</string>
			<key>path</key>
			<string>PrYv/PYDetailPopupController.h</string>
			<key>sourceTree</key>
			<string>&lt;group&gt;</string>
		</dict>
		<key>0CBF1EC81878A3A4004A9AA9</key>
		<dict>
			<key>fileEncoding</key>
			<string>4</string>
			<key>isa</key>
			<string>PBXFileReference</string>
			<key>lastKnownFileType</key>
			<string>sourcecode.c.objc</string>
			<key>name</key>
			<string>PYDetailPopupController.m</string>
			<key>path</key>
			<string>PrYv/PYDetailPopupController.m</string>
			<key>sourceTree</key>
			<string>&lt;group&gt;</string>
		</dict>
		<key>0CBF1EC91878A3A4004A9AA9</key>
		<dict>
			<key>fileEncoding</key>
			<string>4</string>
			<key>isa</key>
			<string>PBXFileReference</string>
			<key>lastKnownFileType</key>
			<string>file.xib</string>
			<key>path</key>
			<string>DetailPopupController.xib</string>
			<key>sourceTree</key>
			<string>&lt;group&gt;</string>
		</dict>
		<key>0CBF1ECA1878A3A4004A9AA9</key>
		<dict>
			<key>fileRef</key>
			<string>0CBF1EC81878A3A4004A9AA9</string>
			<key>isa</key>
			<string>PBXBuildFile</string>
		</dict>
		<key>0CBF1ECB1878A3A4004A9AA9</key>
		<dict>
			<key>fileRef</key>
			<string>0CBF1EC91878A3A4004A9AA9</string>
			<key>isa</key>
			<string>PBXBuildFile</string>
		</dict>
		<key>0CBF1ED31878AC62004A9AA9</key>
		<dict>
			<key>fileEncoding</key>
			<string>4</string>
			<key>isa</key>
			<string>PBXFileReference</string>
			<key>lastKnownFileType</key>
			<string>sourcecode.c.h</string>
			<key>name</key>
			<string>PYUtility.h</string>
			<key>path</key>
			<string>PrYv/PYUtility.h</string>
			<key>sourceTree</key>
			<string>&lt;group&gt;</string>
		</dict>
		<key>0CBF1ED41878AC62004A9AA9</key>
		<dict>
			<key>fileEncoding</key>
			<string>4</string>
			<key>isa</key>
			<string>PBXFileReference</string>
			<key>lastKnownFileType</key>
			<string>sourcecode.c.objc</string>
			<key>name</key>
			<string>PYUtility.m</string>
			<key>path</key>
			<string>PrYv/PYUtility.m</string>
			<key>sourceTree</key>
			<string>&lt;group&gt;</string>
		</dict>
		<key>0CBF1ED51878AC62004A9AA9</key>
		<dict>
			<key>fileRef</key>
			<string>0CBF1ED41878AC62004A9AA9</string>
			<key>isa</key>
			<string>PBXBuildFile</string>
		</dict>
		<key>0CC0F39017EEE6B000870E29</key>
		<dict>
			<key>isa</key>
			<string>PBXFileReference</string>
			<key>lastKnownFileType</key>
			<string>wrapper.framework</string>
			<key>name</key>
			<string>Cocoa.framework</string>
			<key>path</key>
			<string>Platforms/MacOSX.platform/Developer/SDKs/MacOSX10.8.sdk/System/Library/Frameworks/Cocoa.framework</string>
			<key>sourceTree</key>
			<string>DEVELOPER_DIR</string>
		</dict>
		<key>0CC0F39217EEE6BF00870E29</key>
		<dict>
			<key>fileRef</key>
			<string>0CC0F39017EEE6B000870E29</string>
			<key>isa</key>
			<string>PBXBuildFile</string>
		</dict>
		<key>0CC0F39317EEE6C700870E29</key>
		<dict>
			<key>isa</key>
			<string>PBXFileReference</string>
			<key>lastKnownFileType</key>
			<string>wrapper.framework</string>
			<key>name</key>
			<string>CoreFoundation.framework</string>
			<key>path</key>
			<string>Platforms/MacOSX.platform/Developer/SDKs/MacOSX10.8.sdk/System/Library/Frameworks/CoreFoundation.framework</string>
			<key>sourceTree</key>
			<string>DEVELOPER_DIR</string>
		</dict>
		<key>0CC0F39417EEE6C700870E29</key>
		<dict>
			<key>fileRef</key>
			<string>0CC0F39317EEE6C700870E29</string>
			<key>isa</key>
			<string>PBXBuildFile</string>
		</dict>
		<key>0CC0F39517EEE6CE00870E29</key>
		<dict>
			<key>isa</key>
			<string>PBXFileReference</string>
			<key>lastKnownFileType</key>
			<string>wrapper.framework</string>
			<key>name</key>
			<string>WebKit.framework</string>
			<key>path</key>
			<string>Platforms/MacOSX.platform/Developer/SDKs/MacOSX10.8.sdk/System/Library/Frameworks/WebKit.framework</string>
			<key>sourceTree</key>
			<string>DEVELOPER_DIR</string>
		</dict>
		<key>0CC0F39617EEE6CE00870E29</key>
		<dict>
			<key>fileRef</key>
			<string>0CC0F39517EEE6CE00870E29</string>
			<key>isa</key>
			<string>PBXBuildFile</string>
		</dict>
		<key>0CC0F39717EEE9EB00870E29</key>
		<dict>
			<key>buildSettings</key>
			<dict>
				<key>ALWAYS_SEARCH_USER_PATHS</key>
				<string>NO</string>
				<key>ARCHS</key>
				<string>$(ARCHS_STANDARD_64_BIT)</string>
				<key>CLANG_CXX_LANGUAGE_STANDARD</key>
				<string>gnu++0x</string>
				<key>CLANG_CXX_LIBRARY</key>
				<string>libc++</string>
				<key>CLANG_WARN_EMPTY_BODY</key>
				<string>YES</string>
				<key>CLANG_WARN__DUPLICATE_METHOD_MATCH</key>
				<string>YES</string>
				<key>CODE_SIGN_ENTITLEMENTS</key>
				<string></string>
				<key>CODE_SIGN_IDENTITY</key>
				<string>Mac Developer</string>
				<key>COPY_PHASE_STRIP</key>
				<string>YES</string>
				<key>DEBUG_INFORMATION_FORMAT</key>
				<string>dwarf-with-dsym</string>
				<key>GCC_C_LANGUAGE_STANDARD</key>
				<string>gnu99</string>
				<key>GCC_ENABLE_OBJC_EXCEPTIONS</key>
				<string>YES</string>
				<key>GCC_WARN_64_TO_32_BIT_CONVERSION</key>
				<string>YES</string>
				<key>GCC_WARN_ABOUT_RETURN_TYPE</key>
				<string>YES</string>
				<key>GCC_WARN_UNINITIALIZED_AUTOS</key>
				<string>YES</string>
				<key>GCC_WARN_UNUSED_VARIABLE</key>
				<string>YES</string>
				<key>HEADER_SEARCH_PATHS</key>
				<string>$(PROJECT_DIR)/**</string>
				<key>MACOSX_DEPLOYMENT_TARGET</key>
				<string>10.6</string>
				<key>PROVISIONING_PROFILE</key>
				<string>981FC22D-15BF-46B1-8001-9273801ACE3B</string>
				<key>SDKROOT</key>
				<string>macosx</string>
				<key>USER_HEADER_SEARCH_PATHS</key>
				<string>$(PROJECT_DIR)/**</string>
			</dict>
			<key>isa</key>
			<string>XCBuildConfiguration</string>
			<key>name</key>
			<string>Distribution</string>
		</dict>
		<key>0CC0F39817EEE9EB00870E29</key>
		<dict>
			<key>baseConfigurationReference</key>
			<string>ED76E5B3947640C3933B56FF</string>
			<key>buildSettings</key>
			<dict>
				<key>CLANG_LINK_OBJC_RUNTIME</key>
				<string>NO</string>
				<key>CODE_SIGN_ENTITLEMENTS</key>
				<string>PrYv/PrYv.entitlements</string>
				<key>CODE_SIGN_IDENTITY</key>
				<string>Mac Developer</string>
				<key>CODE_SIGN_IDENTITY[sdk=macosx*]</key>
				<string>Mac Developer</string>
				<key>COMBINE_HIDPI_IMAGES</key>
				<string>YES</string>
				<key>FRAMEWORK_SEARCH_PATHS</key>
				<string>$(inherited)</string>
				<key>GCC_PRECOMPILE_PREFIX_HEADER</key>
				<string>YES</string>
				<key>GCC_PREFIX_HEADER</key>
				<string>PrYv/osx-integration-Prefix.pch</string>
				<key>INFOPLIST_FILE</key>
				<string>PrYv/osx-integration-Info.plist</string>
				<key>MACOSX_DEPLOYMENT_TARGET</key>
				<string>10.6</string>
				<key>PRODUCT_NAME</key>
				<string>Pryv</string>
				<key>PROVISIONING_PROFILE</key>
				<string>981FC22D-15BF-46B1-8001-9273801ACE3B</string>
				<key>SDKROOT</key>
				<string>macosx</string>
				<key>SKIP_INSTALL</key>
				<string>NO</string>
				<key>WRAPPER_EXTENSION</key>
				<string>app</string>
			</dict>
			<key>isa</key>
			<string>XCBuildConfiguration</string>
			<key>name</key>
			<string>Distribution</string>
		</dict>
		<key>0CC0F39917EEE9EB00870E29</key>
		<dict>
			<key>buildSettings</key>
			<dict>
				<key>CLANG_WARN_CONSTANT_CONVERSION</key>
				<string>YES</string>
				<key>CLANG_WARN_ENUM_CONVERSION</key>
				<string>YES</string>
				<key>CLANG_WARN_INT_CONVERSION</key>
				<string>YES</string>
				<key>COMBINE_HIDPI_IMAGES</key>
				<string>YES</string>
				<key>FRAMEWORK_SEARCH_PATHS</key>
				<string>"$(DEVELOPER_LIBRARY_DIR)/Frameworks"</string>
				<key>GCC_PRECOMPILE_PREFIX_HEADER</key>
				<string>YES</string>
				<key>GCC_PREFIX_HEADER</key>
				<string>PrYvTests/osx-integrationTests-Prefix.pch</string>
				<key>INFOPLIST_FILE</key>
				<string>PrYvTests/osx-integrationTests-Info.plist</string>
				<key>MACOSX_DEPLOYMENT_TARGET</key>
				<string>10.8</string>
				<key>PRODUCT_NAME</key>
				<string>osx-integrationLogicTests</string>
				<key>PROVISIONING_PROFILE</key>
				<string>981FC22D-15BF-46B1-8001-9273801ACE3B</string>
				<key>WRAPPER_EXTENSION</key>
				<string>octest</string>
			</dict>
			<key>isa</key>
			<string>XCBuildConfiguration</string>
			<key>name</key>
			<string>Distribution</string>
		</dict>
		<key>0CC0F39A17EEE9EB00870E29</key>
		<dict>
			<key>buildSettings</key>
			<dict>
				<key>BUNDLE_LOADER</key>
				<string>$(BUILT_PRODUCTS_DIR)/PrYv.app/Contents/MacOS/PrYv</string>
				<key>CLANG_WARN_CONSTANT_CONVERSION</key>
				<string>YES</string>
				<key>CLANG_WARN_ENUM_CONVERSION</key>
				<string>YES</string>
				<key>CLANG_WARN_INT_CONVERSION</key>
				<string>YES</string>
				<key>COMBINE_HIDPI_IMAGES</key>
				<string>YES</string>
				<key>FRAMEWORK_SEARCH_PATHS</key>
				<string>"$(DEVELOPER_LIBRARY_DIR)/Frameworks"</string>
				<key>GCC_PRECOMPILE_PREFIX_HEADER</key>
				<string>YES</string>
				<key>GCC_PREFIX_HEADER</key>
				<string>PrYvApplicationTests/osx-integrationApplicationTests-Prefix.pch</string>
				<key>INFOPLIST_FILE</key>
				<string>PrYvApplicationTests/osx-integrationApplicationTests-Info.plist</string>
				<key>MACOSX_DEPLOYMENT_TARGET</key>
				<string>10.8</string>
				<key>PRODUCT_NAME</key>
				<string>osx-integrationApplicationTests</string>
				<key>SDKROOT</key>
				<string>macosx</string>
				<key>TEST_HOST</key>
				<string>$(BUNDLE_LOADER)</string>
				<key>WRAPPER_EXTENSION</key>
				<string>octest</string>
			</dict>
			<key>isa</key>
			<string>XCBuildConfiguration</string>
			<key>name</key>
			<string>Distribution</string>
		</dict>
		<key>0CD0497D179C5AA3003716A2</key>
		<dict>
			<key>children</key>
			<array>
				<string>0CD04983179C5AD8003716A2</string>
				<string>0CD04984179C5AD8003716A2</string>
			</array>
			<key>isa</key>
			<string>PBXGroup</string>
			<key>name</key>
			<string>Constants</string>
			<key>sourceTree</key>
			<string>&lt;group&gt;</string>
		</dict>
		<key>0CD04983179C5AD8003716A2</key>
		<dict>
			<key>fileEncoding</key>
			<string>4</string>
			<key>isa</key>
			<string>PBXFileReference</string>
			<key>lastKnownFileType</key>
			<string>sourcecode.c.h</string>
			<key>name</key>
			<string>Constants.h</string>
			<key>path</key>
			<string>PrYv/Constants.h</string>
			<key>sourceTree</key>
			<string>&lt;group&gt;</string>
		</dict>
		<key>0CD04984179C5AD8003716A2</key>
		<dict>
			<key>fileEncoding</key>
			<string>4</string>
			<key>isa</key>
			<string>PBXFileReference</string>
			<key>lastKnownFileType</key>
			<string>sourcecode.c.objc</string>
			<key>name</key>
			<string>Constants.m</string>
			<key>path</key>
			<string>PrYv/Constants.m</string>
			<key>sourceTree</key>
			<string>&lt;group&gt;</string>
		</dict>
		<key>0CD04985179C5AD8003716A2</key>
		<dict>
			<key>fileRef</key>
			<string>0CD04984179C5AD8003716A2</string>
			<key>isa</key>
			<string>PBXBuildFile</string>
		</dict>
		<key>0CD1201116BA6F740028CF5B</key>
		<dict>
			<key>children</key>
			<array>
				<string>0C5F299417AFD8B900AAE154</string>
				<string>0C3C26A716CCF9050023E724</string>
				<string>0C293F5E16B13BFB00D90B36</string>
			</array>
			<key>isa</key>
			<string>PBXGroup</string>
			<key>name</key>
			<string>Images</string>
			<key>sourceTree</key>
			<string>&lt;group&gt;</string>
		</dict>
		<key>0CD268DD17E1CE150078171E</key>
		<dict>
			<key>fileEncoding</key>
			<string>4</string>
			<key>isa</key>
			<string>PBXFileReference</string>
			<key>lastKnownFileType</key>
			<string>sourcecode.c.h</string>
			<key>name</key>
			<string>PryvedEvent.h</string>
			<key>path</key>
			<string>PrYv/PryvedEvent.h</string>
			<key>sourceTree</key>
			<string>&lt;group&gt;</string>
		</dict>
		<key>0CD268DE17E1CE150078171E</key>
		<dict>
			<key>fileEncoding</key>
			<string>4</string>
			<key>isa</key>
			<string>PBXFileReference</string>
			<key>lastKnownFileType</key>
			<string>sourcecode.c.objc</string>
			<key>name</key>
			<string>PryvedEvent.m</string>
			<key>path</key>
			<string>PrYv/PryvedEvent.m</string>
			<key>sourceTree</key>
			<string>&lt;group&gt;</string>
		</dict>
		<key>0CD268DF17E1CE150078171E</key>
		<dict>
			<key>fileRef</key>
			<string>0CD268DE17E1CE150078171E</string>
			<key>isa</key>
			<string>PBXBuildFile</string>
		</dict>
		<key>0CED27A717DEFE62006854A1</key>
		<dict>
			<key>fileEncoding</key>
			<string>4</string>
			<key>isa</key>
			<string>PBXFileReference</string>
			<key>lastKnownFileType</key>
			<string>sourcecode.c.h</string>
			<key>name</key>
			<string>User.h</string>
			<key>path</key>
			<string>PrYv/User.h</string>
			<key>sourceTree</key>
			<string>&lt;group&gt;</string>
		</dict>
		<key>0CED27A817DEFE62006854A1</key>
		<dict>
			<key>fileEncoding</key>
			<string>4</string>
			<key>isa</key>
			<string>PBXFileReference</string>
			<key>lastKnownFileType</key>
			<string>sourcecode.c.objc</string>
			<key>name</key>
			<string>User.m</string>
			<key>path</key>
			<string>PrYv/User.m</string>
			<key>sourceTree</key>
			<string>&lt;group&gt;</string>
		</dict>
		<key>0CED27A917DEFE62006854A1</key>
		<dict>
			<key>fileRef</key>
			<string>0CED27A817DEFE62006854A1</string>
			<key>isa</key>
			<string>PBXBuildFile</string>
		</dict>
		<key>0CED27AD17DEFF1F006854A1</key>
		<dict>
			<key>fileEncoding</key>
			<string>4</string>
			<key>isa</key>
			<string>PBXFileReference</string>
			<key>lastKnownFileType</key>
			<string>sourcecode.c.h</string>
			<key>name</key>
			<string>File.h</string>
			<key>path</key>
			<string>PrYv/File.h</string>
			<key>sourceTree</key>
			<string>&lt;group&gt;</string>
		</dict>
		<key>0CED27AE17DEFF1F006854A1</key>
		<dict>
			<key>fileEncoding</key>
			<string>4</string>
			<key>isa</key>
			<string>PBXFileReference</string>
			<key>lastKnownFileType</key>
			<string>sourcecode.c.objc</string>
			<key>name</key>
			<string>File.m</string>
			<key>path</key>
			<string>PrYv/File.m</string>
			<key>sourceTree</key>
			<string>&lt;group&gt;</string>
		</dict>
		<key>0CED27AF17DEFF1F006854A1</key>
		<dict>
			<key>fileRef</key>
			<string>0CED27AE17DEFF1F006854A1</string>
			<key>isa</key>
			<string>PBXBuildFile</string>
		</dict>
		<key>73FB3BAE2D7549AE9EF0CCAB</key>
		<dict>
			<key>buildActionMask</key>
			<string>2147483647</string>
			<key>files</key>
			<array/>
			<key>inputPaths</key>
			<array/>
			<key>isa</key>
			<string>PBXShellScriptBuildPhase</string>
			<key>name</key>
			<string>Copy Pods Resources</string>
			<key>outputPaths</key>
			<array/>
			<key>runOnlyForDeploymentPostprocessing</key>
			<string>0</string>
			<key>shellPath</key>
			<string>/bin/sh</string>
			<key>shellScript</key>
			<string>"${SRCROOT}/Pods/Pods-resources.sh"
</string>
			<key>showEnvVarsInLog</key>
			<string>0</string>
		</dict>
		<key>74C59B98928D4D068FD903D0</key>
		<dict>
			<key>explicitFileType</key>
			<string>archive.ar</string>
			<key>includeInIndex</key>
			<string>0</string>
			<key>isa</key>
			<string>PBXFileReference</string>
			<key>path</key>
			<string>libPods.a</string>
			<key>sourceTree</key>
			<string>BUILT_PRODUCTS_DIR</string>
		</dict>
		<key>87EED86B01754CE09869C532</key>
		<dict>
			<key>buildActionMask</key>
			<string>2147483647</string>
			<key>files</key>
			<array/>
			<key>inputPaths</key>
			<array/>
			<key>isa</key>
			<string>PBXShellScriptBuildPhase</string>
			<key>name</key>
			<string>Check Pods Manifest.lock</string>
			<key>outputPaths</key>
			<array/>
			<key>runOnlyForDeploymentPostprocessing</key>
			<string>0</string>
			<key>shellPath</key>
			<string>/bin/sh</string>
			<key>shellScript</key>
			<string>diff "${PODS_ROOT}/../Podfile.lock" "${PODS_ROOT}/Manifest.lock" &gt; /dev/null
if [[ $? != 0 ]] ; then
    cat &lt;&lt; EOM
error: The sandbox is not in sync with the Podfile.lock. Run 'pod install' or update your CocoaPods installation.
EOM
    exit 1
fi
</string>
			<key>showEnvVarsInLog</key>
			<string>0</string>
		</dict>
		<key>C5CB046975184E04A90866C1</key>
		<dict>
			<key>fileRef</key>
			<string>74C59B98928D4D068FD903D0</string>
			<key>isa</key>
			<string>PBXBuildFile</string>
		</dict>
		<key>ED76E5B3947640C3933B56FF</key>
		<dict>
			<key>includeInIndex</key>
			<string>1</string>
			<key>isa</key>
			<string>PBXFileReference</string>
			<key>lastKnownFileType</key>
			<string>text.xcconfig</string>
			<key>name</key>
			<string>Pods.xcconfig</string>
			<key>path</key>
			<string>Pods/Pods.xcconfig</string>
			<key>sourceTree</key>
			<string>&lt;group&gt;</string>
		</dict>
	</dict>
	<key>rootObject</key>
	<string>0C7342C916ADB00B00EA101F</string>
</dict>
</plist>
