// !$*UTF8*$!
{
	archiveVersion = 1;
	classes = {
	};
	objectVersion = 46;
	objects = {

/* Begin PBXBuildFile section */
		0C1A1DFD16C930C20042D7D4 /* OpenPanelWithTagsAndFolder.xib in Resources */ = {isa = PBXBuildFile; fileRef = 0C1A1DFC16C930C20042D7D4 /* OpenPanelWithTagsAndFolder.xib */; };
		0C1A1E2016C9589F0042D7D4 /* FileEvent+Helper.m in Sources */ = {isa = PBXBuildFile; fileRef = 0C1A1E1F16C9589F0042D7D4 /* FileEvent+Helper.m */; };
		0C1A1E2316C95FAB0042D7D4 /* NoteEvent+Helper.m in Sources */ = {isa = PBXBuildFile; fileRef = 0C1A1E2216C95FAB0042D7D4 /* NoteEvent+Helper.m */; };
		0C1A1E4716C96F840042D7D4 /* File.m in Sources */ = {isa = PBXBuildFile; fileRef = 0C1A1E4616C96F840042D7D4 /* File.m */; };
		0C1A1E4A16C96F860042D7D4 /* Folder.m in Sources */ = {isa = PBXBuildFile; fileRef = 0C1A1E4916C96F860042D7D4 /* Folder.m */; };
		0C1A1E4D16C96F870042D7D4 /* Event.m in Sources */ = {isa = PBXBuildFile; fileRef = 0C1A1E4C16C96F860042D7D4 /* Event.m */; };
		0C1A1E5016C96F870042D7D4 /* Tag.m in Sources */ = {isa = PBXBuildFile; fileRef = 0C1A1E4F16C96F870042D7D4 /* Tag.m */; };
		0C1A1E5316C96F870042D7D4 /* FileEvent.m in Sources */ = {isa = PBXBuildFile; fileRef = 0C1A1E5216C96F870042D7D4 /* FileEvent.m */; };
		0C1A1E5616C96F870042D7D4 /* NoteEvent.m in Sources */ = {isa = PBXBuildFile; fileRef = 0C1A1E5516C96F870042D7D4 /* NoteEvent.m */; };
		0C1A1E5916C96F870042D7D4 /* User.m in Sources */ = {isa = PBXBuildFile; fileRef = 0C1A1E5816C96F870042D7D4 /* User.m */; };
		0C1A1E5C16CA3B7C0042D7D4 /* Event+Helper.m in Sources */ = {isa = PBXBuildFile; fileRef = 0C1A1E5B16CA3B7C0042D7D4 /* Event+Helper.m */; };
		0C1A714116BBB5DD004E35EF /* PRYVFileController.m in Sources */ = {isa = PBXBuildFile; fileRef = 0C1A714016BBB5DD004E35EF /* PRYVFileController.m */; };
		0C1F955916C2784800E3C2F2 /* File+Helper.m in Sources */ = {isa = PBXBuildFile; fileRef = 0C1F955816C2784800E3C2F2 /* File+Helper.m */; };
		0C1F955C16C27D1900E3C2F2 /* NSString+Helper.m in Sources */ = {isa = PBXBuildFile; fileRef = 0C1F955B16C27D1900E3C2F2 /* NSString+Helper.m */; };
		0C24087D16B2689400BD60CC /* PRYVApiClient.m in Sources */ = {isa = PBXBuildFile; fileRef = 0C24087C16B2689400BD60CC /* PRYVApiClient.m */; };
		0C24089416B7B78C00BD60CC /* User+Helper.m in Sources */ = {isa = PBXBuildFile; fileRef = 0C24089316B7B78C00BD60CC /* User+Helper.m */; };
		0C2408A416B7BC5D00BD60CC /* PRYVStatusMenuController.m in Sources */ = {isa = PBXBuildFile; fileRef = 0C2408A316B7BC5D00BD60CC /* PRYVStatusMenuController.m */; };
		0C2408A616B7C0B600BD60CC /* NewNote.xib in Resources */ = {isa = PBXBuildFile; fileRef = 0C2408A516B7C0B600BD60CC /* NewNote.xib */; };
		0C2408AC16B7C27A00BD60CC /* PRYVNewNoteController.m in Sources */ = {isa = PBXBuildFile; fileRef = 0C2408AB16B7C27A00BD60CC /* PRYVNewNoteController.m */; };
		0C2408C616B7E12A00BD60CC /* Tag+Helper.m in Sources */ = {isa = PBXBuildFile; fileRef = 0C2408C516B7E12A00BD60CC /* Tag+Helper.m */; };
		0C2408CF16B7F49800BD60CC /* Folder+Helper.m in Sources */ = {isa = PBXBuildFile; fileRef = 0C2408CE16B7F49600BD60CC /* Folder+Helper.m */; };
		0C2408D316B9233200BD60CC /* PRYVLoginController.m in Sources */ = {isa = PBXBuildFile; fileRef = 0C2408D116B9233200BD60CC /* PRYVLoginController.m */; };
		0C2408D416B9233200BD60CC /* LoginController.xib in Resources */ = {isa = PBXBuildFile; fileRef = 0C2408D216B9233200BD60CC /* LoginController.xib */; };
		0C2408D616B9253500BD60CC /* PrYvLogo.png in Resources */ = {isa = PBXBuildFile; fileRef = 0C2408D516B9253500BD60CC /* PrYvLogo.png */; };
		0C293F5F16B13BFB00D90B36 /* FaviconBlack56.png in Resources */ = {isa = PBXBuildFile; fileRef = 0C293F5E16B13BFB00D90B36 /* FaviconBlack56.png */; };
		0C3C26A216CBCC380023E724 /* StatusMenu.xib in Resources */ = {isa = PBXBuildFile; fileRef = 0C3C26A116CBCC380023E724 /* StatusMenu.xib */; };
		0C3C26A616CBDCCF0023E724 /* DragAndDropStatusMenuView.m in Sources */ = {isa = PBXBuildFile; fileRef = 0C3C26A516CBDCCF0023E724 /* DragAndDropStatusMenuView.m */; };
		0C3C26A816CCF9050023E724 /* FaviconBlack22.png in Resources */ = {isa = PBXBuildFile; fileRef = 0C3C26A716CCF9050023E724 /* FaviconBlack22.png */; };
		0C7342D716ADB00B00EA101F /* Cocoa.framework in Frameworks */ = {isa = PBXBuildFile; fileRef = 0C7342D616ADB00B00EA101F /* Cocoa.framework */; };
		0C7342E116ADB00B00EA101F /* InfoPlist.strings in Resources */ = {isa = PBXBuildFile; fileRef = 0C7342DF16ADB00B00EA101F /* InfoPlist.strings */; };
		0C7342E316ADB00B00EA101F /* main.m in Sources */ = {isa = PBXBuildFile; fileRef = 0C7342E216ADB00B00EA101F /* main.m */; };
		0C7342E716ADB00B00EA101F /* Credits.rtf in Resources */ = {isa = PBXBuildFile; fileRef = 0C7342E516ADB00B00EA101F /* Credits.rtf */; };
		0C7342EA16ADB00B00EA101F /* PRYVAppDelegate.m in Sources */ = {isa = PBXBuildFile; fileRef = 0C7342E916ADB00B00EA101F /* PRYVAppDelegate.m */; };
		0C7342ED16ADB00B00EA101F /* MainMenu.xib in Resources */ = {isa = PBXBuildFile; fileRef = 0C7342EB16ADB00B00EA101F /* MainMenu.xib */; };
		0C7342F016ADB00B00EA101F /* PrYv.xcdatamodeld in Sources */ = {isa = PBXBuildFile; fileRef = 0C7342EE16ADB00B00EA101F /* PrYv.xcdatamodeld */; };
		0C9B754216D37AAF00A7FEBD /* SenTestingKit.framework in Frameworks */ = {isa = PBXBuildFile; fileRef = 0C7342F716ADB00B00EA101F /* SenTestingKit.framework */; };
		0C9B754316D37AAF00A7FEBD /* Cocoa.framework in Frameworks */ = {isa = PBXBuildFile; fileRef = 0C7342D616ADB00B00EA101F /* Cocoa.framework */; };
		0C9B754916D37AAF00A7FEBD /* InfoPlist.strings in Resources */ = {isa = PBXBuildFile; fileRef = 0C9B754716D37AAF00A7FEBD /* InfoPlist.strings */; };
		0C9B754C16D37AAF00A7FEBD /* PrYvLogicTests.m in Sources */ = {isa = PBXBuildFile; fileRef = 0C9B754B16D37AAF00A7FEBD /* PrYvLogicTests.m */; };
		0C9B755716D37C3200A7FEBD /* SenTestingKit.framework in Frameworks */ = {isa = PBXBuildFile; fileRef = 0C7342F716ADB00B00EA101F /* SenTestingKit.framework */; };
		0C9B755816D37C3200A7FEBD /* Cocoa.framework in Frameworks */ = {isa = PBXBuildFile; fileRef = 0C7342D616ADB00B00EA101F /* Cocoa.framework */; };
		0C9B755E16D37C3200A7FEBD /* InfoPlist.strings in Resources */ = {isa = PBXBuildFile; fileRef = 0C9B755C16D37C3200A7FEBD /* InfoPlist.strings */; };
		0C9B756116D37C3200A7FEBD /* PrYvApplicationTests.m in Sources */ = {isa = PBXBuildFile; fileRef = 0C9B756016D37C3200A7FEBD /* PrYvApplicationTests.m */; };
/* End PBXBuildFile section */

/* Begin PBXContainerItemProxy section */
		0C9B756616D37D2100A7FEBD /* PBXContainerItemProxy */ = {
			isa = PBXContainerItemProxy;
			containerPortal = 0C7342C916ADB00B00EA101F /* Project object */;
			proxyType = 1;
			remoteGlobalIDString = 0C7342D116ADB00B00EA101F;
			remoteInfo = PrYv;
		};
/* End PBXContainerItemProxy section */

/* Begin PBXFileReference section */
		0C1A1DFC16C930C20042D7D4 /* OpenPanelWithTagsAndFolder.xib */ = {isa = PBXFileReference; fileEncoding = 4; lastKnownFileType = file.xib; path = OpenPanelWithTagsAndFolder.xib; sourceTree = "<group>"; };
		0C1A1E1E16C9589F0042D7D4 /* FileEvent+Helper.h */ = {isa = PBXFileReference; fileEncoding = 4; lastKnownFileType = sourcecode.c.h; name = "FileEvent+Helper.h"; path = "PrYv/FileEvent+Helper.h"; sourceTree = "<group>"; };
		0C1A1E1F16C9589F0042D7D4 /* FileEvent+Helper.m */ = {isa = PBXFileReference; fileEncoding = 4; lastKnownFileType = sourcecode.c.objc; name = "FileEvent+Helper.m"; path = "PrYv/FileEvent+Helper.m"; sourceTree = "<group>"; };
		0C1A1E2116C95FAB0042D7D4 /* NoteEvent+Helper.h */ = {isa = PBXFileReference; fileEncoding = 4; lastKnownFileType = sourcecode.c.h; name = "NoteEvent+Helper.h"; path = "PrYv/NoteEvent+Helper.h"; sourceTree = "<group>"; };
		0C1A1E2216C95FAB0042D7D4 /* NoteEvent+Helper.m */ = {isa = PBXFileReference; fileEncoding = 4; lastKnownFileType = sourcecode.c.objc; name = "NoteEvent+Helper.m"; path = "PrYv/NoteEvent+Helper.m"; sourceTree = "<group>"; };
		0C1A1E4516C96F840042D7D4 /* File.h */ = {isa = PBXFileReference; fileEncoding = 4; lastKnownFileType = sourcecode.c.h; name = File.h; path = PrYv/File.h; sourceTree = "<group>"; };
		0C1A1E4616C96F840042D7D4 /* File.m */ = {isa = PBXFileReference; fileEncoding = 4; lastKnownFileType = sourcecode.c.objc; name = File.m; path = PrYv/File.m; sourceTree = "<group>"; };
		0C1A1E4816C96F860042D7D4 /* Folder.h */ = {isa = PBXFileReference; fileEncoding = 4; lastKnownFileType = sourcecode.c.h; name = Folder.h; path = PrYv/Folder.h; sourceTree = "<group>"; };
		0C1A1E4916C96F860042D7D4 /* Folder.m */ = {isa = PBXFileReference; fileEncoding = 4; lastKnownFileType = sourcecode.c.objc; name = Folder.m; path = PrYv/Folder.m; sourceTree = "<group>"; };
		0C1A1E4B16C96F860042D7D4 /* Event.h */ = {isa = PBXFileReference; fileEncoding = 4; lastKnownFileType = sourcecode.c.h; name = Event.h; path = PrYv/Event.h; sourceTree = "<group>"; };
		0C1A1E4C16C96F860042D7D4 /* Event.m */ = {isa = PBXFileReference; fileEncoding = 4; lastKnownFileType = sourcecode.c.objc; name = Event.m; path = PrYv/Event.m; sourceTree = "<group>"; };
		0C1A1E4E16C96F870042D7D4 /* Tag.h */ = {isa = PBXFileReference; fileEncoding = 4; lastKnownFileType = sourcecode.c.h; name = Tag.h; path = PrYv/Tag.h; sourceTree = "<group>"; };
		0C1A1E4F16C96F870042D7D4 /* Tag.m */ = {isa = PBXFileReference; fileEncoding = 4; lastKnownFileType = sourcecode.c.objc; name = Tag.m; path = PrYv/Tag.m; sourceTree = "<group>"; };
		0C1A1E5116C96F870042D7D4 /* FileEvent.h */ = {isa = PBXFileReference; fileEncoding = 4; lastKnownFileType = sourcecode.c.h; name = FileEvent.h; path = PrYv/FileEvent.h; sourceTree = "<group>"; };
		0C1A1E5216C96F870042D7D4 /* FileEvent.m */ = {isa = PBXFileReference; fileEncoding = 4; lastKnownFileType = sourcecode.c.objc; name = FileEvent.m; path = PrYv/FileEvent.m; sourceTree = "<group>"; };
		0C1A1E5416C96F870042D7D4 /* NoteEvent.h */ = {isa = PBXFileReference; fileEncoding = 4; lastKnownFileType = sourcecode.c.h; name = NoteEvent.h; path = PrYv/NoteEvent.h; sourceTree = "<group>"; };
		0C1A1E5516C96F870042D7D4 /* NoteEvent.m */ = {isa = PBXFileReference; fileEncoding = 4; lastKnownFileType = sourcecode.c.objc; name = NoteEvent.m; path = PrYv/NoteEvent.m; sourceTree = "<group>"; };
		0C1A1E5716C96F870042D7D4 /* User.h */ = {isa = PBXFileReference; fileEncoding = 4; lastKnownFileType = sourcecode.c.h; name = User.h; path = PrYv/User.h; sourceTree = "<group>"; };
		0C1A1E5816C96F870042D7D4 /* User.m */ = {isa = PBXFileReference; fileEncoding = 4; lastKnownFileType = sourcecode.c.objc; name = User.m; path = PrYv/User.m; sourceTree = "<group>"; };
		0C1A1E5A16CA3B7B0042D7D4 /* Event+Helper.h */ = {isa = PBXFileReference; fileEncoding = 4; lastKnownFileType = sourcecode.c.h; name = "Event+Helper.h"; path = "PrYv/Event+Helper.h"; sourceTree = "<group>"; };
		0C1A1E5B16CA3B7C0042D7D4 /* Event+Helper.m */ = {isa = PBXFileReference; fileEncoding = 4; lastKnownFileType = sourcecode.c.objc; name = "Event+Helper.m"; path = "PrYv/Event+Helper.m"; sourceTree = "<group>"; };
		0C1A713F16BBB5DD004E35EF /* PRYVFileController.h */ = {isa = PBXFileReference; fileEncoding = 4; lastKnownFileType = sourcecode.c.h; name = PRYVFileController.h; path = PrYv/PRYVFileController.h; sourceTree = "<group>"; };
		0C1A714016BBB5DD004E35EF /* PRYVFileController.m */ = {isa = PBXFileReference; fileEncoding = 4; lastKnownFileType = sourcecode.c.objc; name = PRYVFileController.m; path = PrYv/PRYVFileController.m; sourceTree = "<group>"; };
		0C1F955716C2784800E3C2F2 /* File+Helper.h */ = {isa = PBXFileReference; fileEncoding = 4; lastKnownFileType = sourcecode.c.h; name = "File+Helper.h"; path = "PrYv/File+Helper.h"; sourceTree = "<group>"; };
		0C1F955816C2784800E3C2F2 /* File+Helper.m */ = {isa = PBXFileReference; fileEncoding = 4; lastKnownFileType = sourcecode.c.objc; name = "File+Helper.m"; path = "PrYv/File+Helper.m"; sourceTree = "<group>"; };
		0C1F955A16C27D1900E3C2F2 /* NSString+Helper.h */ = {isa = PBXFileReference; fileEncoding = 4; lastKnownFileType = sourcecode.c.h; name = "NSString+Helper.h"; path = "PrYv/NSString+Helper.h"; sourceTree = "<group>"; };
		0C1F955B16C27D1900E3C2F2 /* NSString+Helper.m */ = {isa = PBXFileReference; fileEncoding = 4; lastKnownFileType = sourcecode.c.objc; name = "NSString+Helper.m"; path = "PrYv/NSString+Helper.m"; sourceTree = "<group>"; };
		0C24087B16B2689400BD60CC /* PRYVApiClient.h */ = {isa = PBXFileReference; fileEncoding = 4; lastKnownFileType = sourcecode.c.h; name = PRYVApiClient.h; path = PrYv/PRYVApiClient.h; sourceTree = "<group>"; };
		0C24087C16B2689400BD60CC /* PRYVApiClient.m */ = {isa = PBXFileReference; fileEncoding = 4; lastKnownFileType = sourcecode.c.objc; name = PRYVApiClient.m; path = PrYv/PRYVApiClient.m; sourceTree = "<group>"; };
		0C24089216B7B78C00BD60CC /* User+Helper.h */ = {isa = PBXFileReference; fileEncoding = 4; lastKnownFileType = sourcecode.c.h; name = "User+Helper.h"; path = "PrYv/User+Helper.h"; sourceTree = "<group>"; };
		0C24089316B7B78C00BD60CC /* User+Helper.m */ = {isa = PBXFileReference; fileEncoding = 4; lastKnownFileType = sourcecode.c.objc; name = "User+Helper.m"; path = "PrYv/User+Helper.m"; sourceTree = "<group>"; };
		0C2408A216B7BC5D00BD60CC /* PRYVStatusMenuController.h */ = {isa = PBXFileReference; fileEncoding = 4; lastKnownFileType = sourcecode.c.h; name = PRYVStatusMenuController.h; path = PrYv/PRYVStatusMenuController.h; sourceTree = "<group>"; };
		0C2408A316B7BC5D00BD60CC /* PRYVStatusMenuController.m */ = {isa = PBXFileReference; fileEncoding = 4; lastKnownFileType = sourcecode.c.objc; name = PRYVStatusMenuController.m; path = PrYv/PRYVStatusMenuController.m; sourceTree = "<group>"; };
		0C2408A516B7C0B600BD60CC /* NewNote.xib */ = {isa = PBXFileReference; fileEncoding = 4; lastKnownFileType = file.xib; path = NewNote.xib; sourceTree = "<group>"; };
		0C2408AA16B7C27A00BD60CC /* PRYVNewNoteController.h */ = {isa = PBXFileReference; fileEncoding = 4; lastKnownFileType = sourcecode.c.h; name = PRYVNewNoteController.h; path = PrYv/PRYVNewNoteController.h; sourceTree = "<group>"; };
		0C2408AB16B7C27A00BD60CC /* PRYVNewNoteController.m */ = {isa = PBXFileReference; fileEncoding = 4; lastKnownFileType = sourcecode.c.objc; name = PRYVNewNoteController.m; path = PrYv/PRYVNewNoteController.m; sourceTree = "<group>"; };
		0C2408C416B7E12A00BD60CC /* Tag+Helper.h */ = {isa = PBXFileReference; fileEncoding = 4; lastKnownFileType = sourcecode.c.h; name = "Tag+Helper.h"; path = "PrYv/Tag+Helper.h"; sourceTree = "<group>"; };
		0C2408C516B7E12A00BD60CC /* Tag+Helper.m */ = {isa = PBXFileReference; fileEncoding = 4; lastKnownFileType = sourcecode.c.objc; name = "Tag+Helper.m"; path = "PrYv/Tag+Helper.m"; sourceTree = "<group>"; };
		0C2408CD16B7F49600BD60CC /* Folder+Helper.h */ = {isa = PBXFileReference; fileEncoding = 4; lastKnownFileType = sourcecode.c.h; name = "Folder+Helper.h"; path = "PrYv/Folder+Helper.h"; sourceTree = "<group>"; };
		0C2408CE16B7F49600BD60CC /* Folder+Helper.m */ = {isa = PBXFileReference; fileEncoding = 4; lastKnownFileType = sourcecode.c.objc; name = "Folder+Helper.m"; path = "PrYv/Folder+Helper.m"; sourceTree = "<group>"; };
		0C2408D016B9233200BD60CC /* PRYVLoginController.h */ = {isa = PBXFileReference; fileEncoding = 4; lastKnownFileType = sourcecode.c.h; name = PRYVLoginController.h; path = PrYv/PRYVLoginController.h; sourceTree = "<group>"; };
		0C2408D116B9233200BD60CC /* PRYVLoginController.m */ = {isa = PBXFileReference; fileEncoding = 4; lastKnownFileType = sourcecode.c.objc; name = PRYVLoginController.m; path = PrYv/PRYVLoginController.m; sourceTree = "<group>"; };
		0C2408D216B9233200BD60CC /* LoginController.xib */ = {isa = PBXFileReference; fileEncoding = 4; lastKnownFileType = file.xib; path = LoginController.xib; sourceTree = "<group>"; };
		0C2408D516B9253500BD60CC /* PrYvLogo.png */ = {isa = PBXFileReference; lastKnownFileType = image.png; name = PrYvLogo.png; path = PrYv/PrYvLogo.png; sourceTree = "<group>"; };
		0C293F5E16B13BFB00D90B36 /* FaviconBlack56.png */ = {isa = PBXFileReference; lastKnownFileType = image.png; name = FaviconBlack56.png; path = PrYv/FaviconBlack56.png; sourceTree = "<group>"; };
		0C3C26A116CBCC380023E724 /* StatusMenu.xib */ = {isa = PBXFileReference; fileEncoding = 4; lastKnownFileType = file.xib; path = StatusMenu.xib; sourceTree = "<group>"; };
		0C3C26A416CBDCCF0023E724 /* DragAndDropStatusMenuView.h */ = {isa = PBXFileReference; fileEncoding = 4; lastKnownFileType = sourcecode.c.h; path = DragAndDropStatusMenuView.h; sourceTree = "<group>"; };
		0C3C26A516CBDCCF0023E724 /* DragAndDropStatusMenuView.m */ = {isa = PBXFileReference; fileEncoding = 4; lastKnownFileType = sourcecode.c.objc; path = DragAndDropStatusMenuView.m; sourceTree = "<group>"; };
		0C3C26A716CCF9050023E724 /* FaviconBlack22.png */ = {isa = PBXFileReference; lastKnownFileType = image.png; path = FaviconBlack22.png; sourceTree = "<group>"; };
		0C7342D216ADB00B00EA101F /* PrYv.app */ = {isa = PBXFileReference; explicitFileType = wrapper.application; includeInIndex = 0; path = PrYv.app; sourceTree = BUILT_PRODUCTS_DIR; };
		0C7342D616ADB00B00EA101F /* Cocoa.framework */ = {isa = PBXFileReference; lastKnownFileType = wrapper.framework; name = Cocoa.framework; path = System/Library/Frameworks/Cocoa.framework; sourceTree = SDKROOT; };
		0C7342D916ADB00B00EA101F /* AppKit.framework */ = {isa = PBXFileReference; lastKnownFileType = wrapper.framework; name = AppKit.framework; path = System/Library/Frameworks/AppKit.framework; sourceTree = SDKROOT; };
		0C7342DA16ADB00B00EA101F /* CoreData.framework */ = {isa = PBXFileReference; lastKnownFileType = wrapper.framework; name = CoreData.framework; path = System/Library/Frameworks/CoreData.framework; sourceTree = SDKROOT; };
		0C7342DB16ADB00B00EA101F /* Foundation.framework */ = {isa = PBXFileReference; lastKnownFileType = wrapper.framework; name = Foundation.framework; path = System/Library/Frameworks/Foundation.framework; sourceTree = SDKROOT; };
		0C7342DE16ADB00B00EA101F /* PrYv-Info.plist */ = {isa = PBXFileReference; lastKnownFileType = text.plist.xml; path = "PrYv-Info.plist"; sourceTree = "<group>"; };
		0C7342E016ADB00B00EA101F /* en */ = {isa = PBXFileReference; lastKnownFileType = text.plist.strings; name = en; path = en.lproj/InfoPlist.strings; sourceTree = "<group>"; };
		0C7342E216ADB00B00EA101F /* main.m */ = {isa = PBXFileReference; lastKnownFileType = sourcecode.c.objc; path = main.m; sourceTree = "<group>"; };
		0C7342E416ADB00B00EA101F /* PrYv-Prefix.pch */ = {isa = PBXFileReference; lastKnownFileType = sourcecode.c.h; path = "PrYv-Prefix.pch"; sourceTree = "<group>"; };
		0C7342E616ADB00B00EA101F /* en */ = {isa = PBXFileReference; lastKnownFileType = text.rtf; name = en; path = en.lproj/Credits.rtf; sourceTree = "<group>"; };
		0C7342E816ADB00B00EA101F /* PRYVAppDelegate.h */ = {isa = PBXFileReference; lastKnownFileType = sourcecode.c.h; path = PRYVAppDelegate.h; sourceTree = "<group>"; };
		0C7342E916ADB00B00EA101F /* PRYVAppDelegate.m */ = {isa = PBXFileReference; lastKnownFileType = sourcecode.c.objc; path = PRYVAppDelegate.m; sourceTree = "<group>"; };
		0C7342EC16ADB00B00EA101F /* en */ = {isa = PBXFileReference; lastKnownFileType = file.xib; name = en; path = en.lproj/MainMenu.xib; sourceTree = "<group>"; };
		0C7342EF16ADB00B00EA101F /* PrYv.xcdatamodel */ = {isa = PBXFileReference; lastKnownFileType = wrapper.xcdatamodel; path = PrYv.xcdatamodel; sourceTree = "<group>"; };
		0C7342F716ADB00B00EA101F /* SenTestingKit.framework */ = {isa = PBXFileReference; lastKnownFileType = wrapper.framework; name = SenTestingKit.framework; path = Library/Frameworks/SenTestingKit.framework; sourceTree = DEVELOPER_DIR; };
		0C7343B016AEA6F400EA101F /* PrYv.entitlements */ = {isa = PBXFileReference; lastKnownFileType = text.xml; path = PrYv.entitlements; sourceTree = "<group>"; };
		0C9B754116D37AAF00A7FEBD /* PrYvLogicTests.octest */ = {isa = PBXFileReference; explicitFileType = wrapper.cfbundle; includeInIndex = 0; path = PrYvLogicTests.octest; sourceTree = BUILT_PRODUCTS_DIR; };
		0C9B754616D37AAF00A7FEBD /* PrYvTests-Info.plist */ = {isa = PBXFileReference; lastKnownFileType = text.plist.xml; path = "PrYvTests-Info.plist"; sourceTree = "<group>"; };
		0C9B754816D37AAF00A7FEBD /* en */ = {isa = PBXFileReference; lastKnownFileType = text.plist.strings; name = en; path = en.lproj/InfoPlist.strings; sourceTree = "<group>"; };
		0C9B754A16D37AAF00A7FEBD /* PrYvLogicTests.h */ = {isa = PBXFileReference; lastKnownFileType = sourcecode.c.h; path = PrYvLogicTests.h; sourceTree = "<group>"; };
		0C9B754B16D37AAF00A7FEBD /* PrYvLogicTests.m */ = {isa = PBXFileReference; lastKnownFileType = sourcecode.c.objc; path = PrYvLogicTests.m; sourceTree = "<group>"; };
		0C9B754D16D37AAF00A7FEBD /* PrYvTests-Prefix.pch */ = {isa = PBXFileReference; lastKnownFileType = sourcecode.c.h; path = "PrYvTests-Prefix.pch"; sourceTree = "<group>"; };
		0C9B755616D37C3200A7FEBD /* PrYvApplicationTests.octest */ = {isa = PBXFileReference; explicitFileType = wrapper.cfbundle; includeInIndex = 0; path = PrYvApplicationTests.octest; sourceTree = BUILT_PRODUCTS_DIR; };
		0C9B755B16D37C3200A7FEBD /* PrYvApplicationTests-Info.plist */ = {isa = PBXFileReference; lastKnownFileType = text.plist.xml; path = "PrYvApplicationTests-Info.plist"; sourceTree = "<group>"; };
		0C9B755D16D37C3200A7FEBD /* en */ = {isa = PBXFileReference; lastKnownFileType = text.plist.strings; name = en; path = en.lproj/InfoPlist.strings; sourceTree = "<group>"; };
		0C9B755F16D37C3200A7FEBD /* PrYvApplicationTests.h */ = {isa = PBXFileReference; lastKnownFileType = sourcecode.c.h; path = PrYvApplicationTests.h; sourceTree = "<group>"; };
		0C9B756016D37C3200A7FEBD /* PrYvApplicationTests.m */ = {isa = PBXFileReference; lastKnownFileType = sourcecode.c.objc; path = PrYvApplicationTests.m; sourceTree = "<group>"; };
		0C9B756216D37C3200A7FEBD /* PrYvApplicationTests-Prefix.pch */ = {isa = PBXFileReference; lastKnownFileType = sourcecode.c.h; path = "PrYvApplicationTests-Prefix.pch"; sourceTree = "<group>"; };
/* End PBXFileReference section */

/* Begin PBXFrameworksBuildPhase section */
		0C7342CF16ADB00B00EA101F /* Frameworks */ = {
			isa = PBXFrameworksBuildPhase;
			buildActionMask = 2147483647;
			files = (
				0C7342D716ADB00B00EA101F /* Cocoa.framework in Frameworks */,
			);
			runOnlyForDeploymentPostprocessing = 0;
		};
		0C9B753D16D37AAF00A7FEBD /* Frameworks */ = {
			isa = PBXFrameworksBuildPhase;
			buildActionMask = 2147483647;
			files = (
				0C9B754216D37AAF00A7FEBD /* SenTestingKit.framework in Frameworks */,
				0C9B754316D37AAF00A7FEBD /* Cocoa.framework in Frameworks */,
			);
			runOnlyForDeploymentPostprocessing = 0;
		};
		0C9B755216D37C3200A7FEBD /* Frameworks */ = {
			isa = PBXFrameworksBuildPhase;
			buildActionMask = 2147483647;
			files = (
				0C9B755716D37C3200A7FEBD /* SenTestingKit.framework in Frameworks */,
				0C9B755816D37C3200A7FEBD /* Cocoa.framework in Frameworks */,
			);
			runOnlyForDeploymentPostprocessing = 0;
		};
/* End PBXFrameworksBuildPhase section */

/* Begin PBXGroup section */
		0C1A1E1316C956A30042D7D4 /* Helpers */ = {
			isa = PBXGroup;
			children = (
				0C1F955716C2784800E3C2F2 /* File+Helper.h */,
				0C1F955816C2784800E3C2F2 /* File+Helper.m */,
				0C1A1E1E16C9589F0042D7D4 /* FileEvent+Helper.h */,
				0C1A1E1F16C9589F0042D7D4 /* FileEvent+Helper.m */,
				0C2408CD16B7F49600BD60CC /* Folder+Helper.h */,
				0C2408CE16B7F49600BD60CC /* Folder+Helper.m */,
				0C24089216B7B78C00BD60CC /* User+Helper.h */,
				0C24089316B7B78C00BD60CC /* User+Helper.m */,
				0C2408C416B7E12A00BD60CC /* Tag+Helper.h */,
				0C2408C516B7E12A00BD60CC /* Tag+Helper.m */,
				0C1A1E2116C95FAB0042D7D4 /* NoteEvent+Helper.h */,
				0C1A1E2216C95FAB0042D7D4 /* NoteEvent+Helper.m */,
				0C1A1E5A16CA3B7B0042D7D4 /* Event+Helper.h */,
				0C1A1E5B16CA3B7C0042D7D4 /* Event+Helper.m */,
			);
			name = Helpers;
			sourceTree = "<group>";
		};
		0C1A1E1D16C958560042D7D4 /* Core Data */ = {
			isa = PBXGroup;
			children = (
				0C1A1E5716C96F870042D7D4 /* User.h */,
				0C1A1E5816C96F870042D7D4 /* User.m */,
				0C1A1E5416C96F870042D7D4 /* NoteEvent.h */,
				0C1A1E5516C96F870042D7D4 /* NoteEvent.m */,
				0C1A1E5116C96F870042D7D4 /* FileEvent.h */,
				0C1A1E5216C96F870042D7D4 /* FileEvent.m */,
				0C1A1E4E16C96F870042D7D4 /* Tag.h */,
				0C1A1E4F16C96F870042D7D4 /* Tag.m */,
				0C1A1E4B16C96F860042D7D4 /* Event.h */,
				0C1A1E4C16C96F860042D7D4 /* Event.m */,
				0C1A1E4816C96F860042D7D4 /* Folder.h */,
				0C1A1E4916C96F860042D7D4 /* Folder.m */,
				0C1A1E4516C96F840042D7D4 /* File.h */,
				0C1A1E4616C96F840042D7D4 /* File.m */,
			);
			name = "Core Data";
			sourceTree = "<group>";
		};
		0C24088016B7095600BD60CC /* Model */ = {
			isa = PBXGroup;
			children = (
				0C7342EE16ADB00B00EA101F /* PrYv.xcdatamodeld */,
				0C1A1E1D16C958560042D7D4 /* Core Data */,
				0C1A1E1316C956A30042D7D4 /* Helpers */,
			);
			name = Model;
			sourceTree = "<group>";
		};
		0C24088116B7096400BD60CC /* Controller */ = {
			isa = PBXGroup;
			children = (
				0C2408D016B9233200BD60CC /* PRYVLoginController.h */,
				0C2408D116B9233200BD60CC /* PRYVLoginController.m */,
				0C2408AA16B7C27A00BD60CC /* PRYVNewNoteController.h */,
				0C2408AB16B7C27A00BD60CC /* PRYVNewNoteController.m */,
				0C2408A216B7BC5D00BD60CC /* PRYVStatusMenuController.h */,
				0C2408A316B7BC5D00BD60CC /* PRYVStatusMenuController.m */,
				0C1A713F16BBB5DD004E35EF /* PRYVFileController.h */,
				0C1A714016BBB5DD004E35EF /* PRYVFileController.m */,
			);
			name = Controller;
			sourceTree = "<group>";
		};
		0C24088216B7097300BD60CC /* API */ = {
			isa = PBXGroup;
			children = (
				0C24087B16B2689400BD60CC /* PRYVApiClient.h */,
				0C24087C16B2689400BD60CC /* PRYVApiClient.m */,
				0C1F955A16C27D1900E3C2F2 /* NSString+Helper.h */,
				0C1F955B16C27D1900E3C2F2 /* NSString+Helper.m */,
			);
			name = API;
			sourceTree = "<group>";
		};
		0C3C26A316CBDC880023E724 /* View */ = {
			isa = PBXGroup;
			children = (
				0C2408D216B9233200BD60CC /* LoginController.xib */,
				0C7342EB16ADB00B00EA101F /* MainMenu.xib */,
				0C3C26A116CBCC380023E724 /* StatusMenu.xib */,
				0C2408A516B7C0B600BD60CC /* NewNote.xib */,
				0C1A1DFC16C930C20042D7D4 /* OpenPanelWithTagsAndFolder.xib */,
				0C3C26A416CBDCCF0023E724 /* DragAndDropStatusMenuView.h */,
				0C3C26A516CBDCCF0023E724 /* DragAndDropStatusMenuView.m */,
			);
			name = View;
			path = PrYv;
			sourceTree = "<group>";
		};
		0C7342C716ADB00A00EA101F = {
			isa = PBXGroup;
			children = (
				0CD1201116BA6F740028CF5B /* Images */,
				0C24088216B7097300BD60CC /* API */,
				0C24088116B7096400BD60CC /* Controller */,
				0C24088016B7095600BD60CC /* Model */,
				0C3C26A316CBDC880023E724 /* View */,
				0C7342DC16ADB00B00EA101F /* PrYv */,
				0C9B754416D37AAF00A7FEBD /* PrYvLogicTests */,
				0C9B755916D37C3200A7FEBD /* PrYvApplicationTests */,
				0C7342D516ADB00B00EA101F /* Frameworks */,
				0C7342D316ADB00B00EA101F /* Products */,
			);
			sourceTree = "<group>";
		};
		0C7342D316ADB00B00EA101F /* Products */ = {
			isa = PBXGroup;
			children = (
				0C7342D216ADB00B00EA101F /* PrYv.app */,
				0C9B754116D37AAF00A7FEBD /* PrYvLogicTests.octest */,
				0C9B755616D37C3200A7FEBD /* PrYvApplicationTests.octest */,
			);
			name = Products;
			sourceTree = "<group>";
		};
		0C7342D516ADB00B00EA101F /* Frameworks */ = {
			isa = PBXGroup;
			children = (
				0C7342D616ADB00B00EA101F /* Cocoa.framework */,
				0C7342F716ADB00B00EA101F /* SenTestingKit.framework */,
				0C7342D816ADB00B00EA101F /* Other Frameworks */,
			);
			name = Frameworks;
			sourceTree = "<group>";
		};
		0C7342D816ADB00B00EA101F /* Other Frameworks */ = {
			isa = PBXGroup;
			children = (
				0C7342D916ADB00B00EA101F /* AppKit.framework */,
				0C7342DA16ADB00B00EA101F /* CoreData.framework */,
				0C7342DB16ADB00B00EA101F /* Foundation.framework */,
			);
			name = "Other Frameworks";
			sourceTree = "<group>";
		};
		0C7342DC16ADB00B00EA101F /* PrYv */ = {
			isa = PBXGroup;
			children = (
				0C7342E816ADB00B00EA101F /* PRYVAppDelegate.h */,
				0C7342E916ADB00B00EA101F /* PRYVAppDelegate.m */,
				0C7343B016AEA6F400EA101F /* PrYv.entitlements */,
				0C7342DD16ADB00B00EA101F /* Supporting Files */,
			);
			path = PrYv;
			sourceTree = "<group>";
		};
		0C7342DD16ADB00B00EA101F /* Supporting Files */ = {
			isa = PBXGroup;
			children = (
				0C7342DE16ADB00B00EA101F /* PrYv-Info.plist */,
				0C7342DF16ADB00B00EA101F /* InfoPlist.strings */,
				0C7342E216ADB00B00EA101F /* main.m */,
				0C7342E416ADB00B00EA101F /* PrYv-Prefix.pch */,
				0C7342E516ADB00B00EA101F /* Credits.rtf */,
			);
			name = "Supporting Files";
			sourceTree = "<group>";
		};
		0C9B754416D37AAF00A7FEBD /* PrYvLogicTests */ = {
			isa = PBXGroup;
			children = (
				0C9B754A16D37AAF00A7FEBD /* PrYvLogicTests.h */,
				0C9B754B16D37AAF00A7FEBD /* PrYvLogicTests.m */,
				0C9B754516D37AAF00A7FEBD /* Supporting Files */,
			);
			name = PrYvLogicTests;
			path = PrYvTests;
			sourceTree = "<group>";
		};
		0C9B754516D37AAF00A7FEBD /* Supporting Files */ = {
			isa = PBXGroup;
			children = (
				0C9B754616D37AAF00A7FEBD /* PrYvTests-Info.plist */,
				0C9B754716D37AAF00A7FEBD /* InfoPlist.strings */,
				0C9B754D16D37AAF00A7FEBD /* PrYvTests-Prefix.pch */,
			);
			name = "Supporting Files";
			sourceTree = "<group>";
		};
		0C9B755916D37C3200A7FEBD /* PrYvApplicationTests */ = {
			isa = PBXGroup;
			children = (
				0C9B755F16D37C3200A7FEBD /* PrYvApplicationTests.h */,
				0C9B756016D37C3200A7FEBD /* PrYvApplicationTests.m */,
				0C9B755A16D37C3200A7FEBD /* Supporting Files */,
			);
			path = PrYvApplicationTests;
			sourceTree = "<group>";
		};
		0C9B755A16D37C3200A7FEBD /* Supporting Files */ = {
			isa = PBXGroup;
			children = (
				0C9B755B16D37C3200A7FEBD /* PrYvApplicationTests-Info.plist */,
				0C9B755C16D37C3200A7FEBD /* InfoPlist.strings */,
				0C9B756216D37C3200A7FEBD /* PrYvApplicationTests-Prefix.pch */,
			);
			name = "Supporting Files";
			sourceTree = "<group>";
		};
		0CD1201116BA6F740028CF5B /* Images */ = {
			isa = PBXGroup;
			children = (
				0C3C26A716CCF9050023E724 /* FaviconBlack22.png */,
				0C293F5E16B13BFB00D90B36 /* FaviconBlack56.png */,
				0C2408D516B9253500BD60CC /* PrYvLogo.png */,
			);
			name = Images;
			sourceTree = "<group>";
		};
/* End PBXGroup section */

/* Begin PBXNativeTarget section */
		0C7342D116ADB00B00EA101F /* PrYv */ = {
			isa = PBXNativeTarget;
			buildConfigurationList = 0C73430716ADB00B00EA101F /* Build configuration list for PBXNativeTarget "PrYv" */;
			buildPhases = (
				0C7342CE16ADB00B00EA101F /* Sources */,
				0C7342CF16ADB00B00EA101F /* Frameworks */,
				0C7342D016ADB00B00EA101F /* Resources */,
			);
			buildRules = (
			);
			dependencies = (
			);
			name = PrYv;
			productName = PrYv;
			productReference = 0C7342D216ADB00B00EA101F /* PrYv.app */;
			productType = "com.apple.product-type.application";
		};
		0C9B754016D37AAF00A7FEBD /* PrYvLogicTests */ = {
			isa = PBXNativeTarget;
			buildConfigurationList = 0C9B754E16D37AAF00A7FEBD /* Build configuration list for PBXNativeTarget "PrYvLogicTests" */;
			buildPhases = (
				0C9B753C16D37AAF00A7FEBD /* Sources */,
				0C9B753D16D37AAF00A7FEBD /* Frameworks */,
				0C9B753E16D37AAF00A7FEBD /* Resources */,
				0C9B753F16D37AAF00A7FEBD /* ShellScript */,
			);
			buildRules = (
			);
			dependencies = (
			);
			name = PrYvLogicTests;
			productName = PrYvTests;
			productReference = 0C9B754116D37AAF00A7FEBD /* PrYvLogicTests.octest */;
			productType = "com.apple.product-type.bundle";
		};
		0C9B755516D37C3200A7FEBD /* PrYvApplicationTests */ = {
			isa = PBXNativeTarget;
			buildConfigurationList = 0C9B756316D37C3200A7FEBD /* Build configuration list for PBXNativeTarget "PrYvApplicationTests" */;
			buildPhases = (
				0C9B755116D37C3200A7FEBD /* Sources */,
				0C9B755216D37C3200A7FEBD /* Frameworks */,
				0C9B755316D37C3200A7FEBD /* Resources */,
				0C9B755416D37C3200A7FEBD /* ShellScript */,
			);
			buildRules = (
			);
			dependencies = (
				0C9B756716D37D2100A7FEBD /* PBXTargetDependency */,
			);
			name = PrYvApplicationTests;
			productName = PrYvApplicationTests;
			productReference = 0C9B755616D37C3200A7FEBD /* PrYvApplicationTests.octest */;
			productType = "com.apple.product-type.bundle";
		};
/* End PBXNativeTarget section */

/* Begin PBXProject section */
		0C7342C916ADB00B00EA101F /* Project object */ = {
			isa = PBXProject;
			attributes = {
				CLASSPREFIX = PRYV;
				LastUpgradeCheck = 0450;
				ORGANIZATIONNAME = PrYv;
			};
			buildConfigurationList = 0C7342CC16ADB00B00EA101F /* Build configuration list for PBXProject "PrYv" */;
			compatibilityVersion = "Xcode 3.2";
			developmentRegion = English;
			hasScannedForEncodings = 0;
			knownRegions = (
				en,
				fr,
			);
			mainGroup = 0C7342C716ADB00A00EA101F;
			productRefGroup = 0C7342D316ADB00B00EA101F /* Products */;
			projectDirPath = "";
			projectRoot = "";
			targets = (
				0C7342D116ADB00B00EA101F /* PrYv */,
				0C9B754016D37AAF00A7FEBD /* PrYvLogicTests */,
				0C9B755516D37C3200A7FEBD /* PrYvApplicationTests */,
			);
		};
/* End PBXProject section */

/* Begin PBXResourcesBuildPhase section */
		0C7342D016ADB00B00EA101F /* Resources */ = {
			isa = PBXResourcesBuildPhase;
			buildActionMask = 2147483647;
			files = (
				0C7342E116ADB00B00EA101F /* InfoPlist.strings in Resources */,
				0C7342E716ADB00B00EA101F /* Credits.rtf in Resources */,
				0C7342ED16ADB00B00EA101F /* MainMenu.xib in Resources */,
				0C293F5F16B13BFB00D90B36 /* FaviconBlack56.png in Resources */,
				0C2408A616B7C0B600BD60CC /* NewNote.xib in Resources */,
				0C2408D416B9233200BD60CC /* LoginController.xib in Resources */,
				0C2408D616B9253500BD60CC /* PrYvLogo.png in Resources */,
				0C1A1DFD16C930C20042D7D4 /* OpenPanelWithTagsAndFolder.xib in Resources */,
				0C3C26A216CBCC380023E724 /* StatusMenu.xib in Resources */,
				0C3C26A816CCF9050023E724 /* FaviconBlack22.png in Resources */,
			);
			runOnlyForDeploymentPostprocessing = 0;
		};
		0C9B753E16D37AAF00A7FEBD /* Resources */ = {
			isa = PBXResourcesBuildPhase;
			buildActionMask = 2147483647;
			files = (
				0C9B754916D37AAF00A7FEBD /* InfoPlist.strings in Resources */,
			);
			runOnlyForDeploymentPostprocessing = 0;
		};
		0C9B755316D37C3200A7FEBD /* Resources */ = {
			isa = PBXResourcesBuildPhase;
			buildActionMask = 2147483647;
			files = (
				0C9B755E16D37C3200A7FEBD /* InfoPlist.strings in Resources */,
			);
			runOnlyForDeploymentPostprocessing = 0;
		};
/* End PBXResourcesBuildPhase section */

/* Begin PBXShellScriptBuildPhase section */
		0C9B753F16D37AAF00A7FEBD /* ShellScript */ = {
			isa = PBXShellScriptBuildPhase;
			buildActionMask = 2147483647;
			files = (
			);
			inputPaths = (
			);
			outputPaths = (
			);
			runOnlyForDeploymentPostprocessing = 0;
			shellPath = /bin/sh;
			shellScript = "# Run the unit tests in this test bundle.\n\"${SYSTEM_DEVELOPER_DIR}/Tools/RunUnitTests\"\n";
		};
		0C9B755416D37C3200A7FEBD /* ShellScript */ = {
			isa = PBXShellScriptBuildPhase;
			buildActionMask = 2147483647;
			files = (
			);
			inputPaths = (
			);
			outputPaths = (
			);
			runOnlyForDeploymentPostprocessing = 0;
			shellPath = /bin/sh;
			shellScript = "# Run the unit tests in this test bundle.\n\"${SYSTEM_DEVELOPER_DIR}/Tools/RunUnitTests\"\n";
		};
/* End PBXShellScriptBuildPhase section */

/* Begin PBXSourcesBuildPhase section */
		0C7342CE16ADB00B00EA101F /* Sources */ = {
			isa = PBXSourcesBuildPhase;
			buildActionMask = 2147483647;
			files = (
				0C7342E316ADB00B00EA101F /* main.m in Sources */,
				0C7342EA16ADB00B00EA101F /* PRYVAppDelegate.m in Sources */,
				0C7342F016ADB00B00EA101F /* PrYv.xcdatamodeld in Sources */,
				0C24087D16B2689400BD60CC /* PRYVApiClient.m in Sources */,
				0C24089416B7B78C00BD60CC /* User+Helper.m in Sources */,
				0C2408A416B7BC5D00BD60CC /* PRYVStatusMenuController.m in Sources */,
				0C2408AC16B7C27A00BD60CC /* PRYVNewNoteController.m in Sources */,
				0C2408C616B7E12A00BD60CC /* Tag+Helper.m in Sources */,
				0C2408CF16B7F49800BD60CC /* Folder+Helper.m in Sources */,
				0C2408D316B9233200BD60CC /* PRYVLoginController.m in Sources */,
				0C1A714116BBB5DD004E35EF /* PRYVFileController.m in Sources */,
				0C1F955916C2784800E3C2F2 /* File+Helper.m in Sources */,
				0C1F955C16C27D1900E3C2F2 /* NSString+Helper.m in Sources */,
				0C1A1E2016C9589F0042D7D4 /* FileEvent+Helper.m in Sources */,
				0C1A1E2316C95FAB0042D7D4 /* NoteEvent+Helper.m in Sources */,
				0C1A1E4716C96F840042D7D4 /* File.m in Sources */,
				0C1A1E4A16C96F860042D7D4 /* Folder.m in Sources */,
				0C1A1E4D16C96F870042D7D4 /* Event.m in Sources */,
				0C1A1E5016C96F870042D7D4 /* Tag.m in Sources */,
				0C1A1E5316C96F870042D7D4 /* FileEvent.m in Sources */,
				0C1A1E5616C96F870042D7D4 /* NoteEvent.m in Sources */,
				0C1A1E5916C96F870042D7D4 /* User.m in Sources */,
				0C1A1E5C16CA3B7C0042D7D4 /* Event+Helper.m in Sources */,
				0C3C26A616CBDCCF0023E724 /* DragAndDropStatusMenuView.m in Sources */,
			);
			runOnlyForDeploymentPostprocessing = 0;
		};
		0C9B753C16D37AAF00A7FEBD /* Sources */ = {
			isa = PBXSourcesBuildPhase;
			buildActionMask = 2147483647;
			files = (
				0C9B754C16D37AAF00A7FEBD /* PrYvLogicTests.m in Sources */,
			);
			runOnlyForDeploymentPostprocessing = 0;
		};
		0C9B755116D37C3200A7FEBD /* Sources */ = {
			isa = PBXSourcesBuildPhase;
			buildActionMask = 2147483647;
			files = (
				0C9B756116D37C3200A7FEBD /* PrYvApplicationTests.m in Sources */,
			);
			runOnlyForDeploymentPostprocessing = 0;
		};
/* End PBXSourcesBuildPhase section */

/* Begin PBXTargetDependency section */
		0C9B756716D37D2100A7FEBD /* PBXTargetDependency */ = {
			isa = PBXTargetDependency;
			target = 0C7342D116ADB00B00EA101F /* PrYv */;
			targetProxy = 0C9B756616D37D2100A7FEBD /* PBXContainerItemProxy */;
		};
/* End PBXTargetDependency section */

/* Begin PBXVariantGroup section */
		0C7342DF16ADB00B00EA101F /* InfoPlist.strings */ = {
			isa = PBXVariantGroup;
			children = (
				0C7342E016ADB00B00EA101F /* en */,
			);
			name = InfoPlist.strings;
			sourceTree = "<group>";
		};
		0C7342E516ADB00B00EA101F /* Credits.rtf */ = {
			isa = PBXVariantGroup;
			children = (
				0C7342E616ADB00B00EA101F /* en */,
			);
			name = Credits.rtf;
			sourceTree = "<group>";
		};
		0C7342EB16ADB00B00EA101F /* MainMenu.xib */ = {
			isa = PBXVariantGroup;
			children = (
				0C7342EC16ADB00B00EA101F /* en */,
			);
			name = MainMenu.xib;
			sourceTree = "<group>";
		};
		0C9B754716D37AAF00A7FEBD /* InfoPlist.strings */ = {
			isa = PBXVariantGroup;
			children = (
				0C9B754816D37AAF00A7FEBD /* en */,
			);
			name = InfoPlist.strings;
			sourceTree = "<group>";
		};
		0C9B755C16D37C3200A7FEBD /* InfoPlist.strings */ = {
			isa = PBXVariantGroup;
			children = (
				0C9B755D16D37C3200A7FEBD /* en */,
			);
			name = InfoPlist.strings;
			sourceTree = "<group>";
		};
/* End PBXVariantGroup section */

/* Begin XCBuildConfiguration section */
		0C73430516ADB00B00EA101F /* Debug */ = {
			isa = XCBuildConfiguration;
			buildSettings = {
				ALWAYS_SEARCH_USER_PATHS = NO;
				ARCHS = "$(ARCHS_STANDARD_64_BIT)";
				CLANG_CXX_LANGUAGE_STANDARD = "gnu++0x";
				CLANG_CXX_LIBRARY = "libc++";
				CLANG_WARN_EMPTY_BODY = YES;
				CLANG_WARN__DUPLICATE_METHOD_MATCH = YES;
				CODE_SIGN_ENTITLEMENTS = "";
				CODE_SIGN_IDENTITY = "Mac Developer";
				COPY_PHASE_STRIP = NO;
				GCC_C_LANGUAGE_STANDARD = gnu99;
				GCC_DYNAMIC_NO_PIC = NO;
				GCC_ENABLE_OBJC_EXCEPTIONS = YES;
				GCC_OPTIMIZATION_LEVEL = 0;
				GCC_PREPROCESSOR_DEFINITIONS = (
					"DEBUG=1",
					"$(inherited)",
				);
				GCC_SYMBOLS_PRIVATE_EXTERN = NO;
				GCC_WARN_64_TO_32_BIT_CONVERSION = YES;
				GCC_WARN_ABOUT_RETURN_TYPE = YES;
				GCC_WARN_UNINITIALIZED_AUTOS = YES;
				GCC_WARN_UNUSED_VARIABLE = YES;
				MACOSX_DEPLOYMENT_TARGET = 10.6;
				ONLY_ACTIVE_ARCH = YES;
				PROVISIONING_PROFILE = "";
				SDKROOT = macosx;
			};
			name = Debug;
		};
		0C73430616ADB00B00EA101F /* Release */ = {
			isa = XCBuildConfiguration;
			buildSettings = {
				ALWAYS_SEARCH_USER_PATHS = NO;
				ARCHS = "$(ARCHS_STANDARD_64_BIT)";
				CLANG_CXX_LANGUAGE_STANDARD = "gnu++0x";
				CLANG_CXX_LIBRARY = "libc++";
				CLANG_WARN_EMPTY_BODY = YES;
				CLANG_WARN__DUPLICATE_METHOD_MATCH = YES;
				CODE_SIGN_ENTITLEMENTS = "";
				CODE_SIGN_IDENTITY = "Mac Developer";
				COPY_PHASE_STRIP = YES;
				DEBUG_INFORMATION_FORMAT = "dwarf-with-dsym";
				GCC_C_LANGUAGE_STANDARD = gnu99;
				GCC_ENABLE_OBJC_EXCEPTIONS = YES;
				GCC_WARN_64_TO_32_BIT_CONVERSION = YES;
				GCC_WARN_ABOUT_RETURN_TYPE = YES;
				GCC_WARN_UNINITIALIZED_AUTOS = YES;
				GCC_WARN_UNUSED_VARIABLE = YES;
				MACOSX_DEPLOYMENT_TARGET = 10.6;
				PROVISIONING_PROFILE = "";
				SDKROOT = macosx;
			};
			name = Release;
		};
		0C73430816ADB00B00EA101F /* Debug */ = {
			isa = XCBuildConfiguration;
			buildSettings = {
				CODE_SIGN_ENTITLEMENTS = PrYv/PrYv.entitlements;
				CODE_SIGN_IDENTITY = "Mac Developer";
				COMBINE_HIDPI_IMAGES = YES;
				GCC_PRECOMPILE_PREFIX_HEADER = YES;
				GCC_PREFIX_HEADER = "PrYv/PrYv-Prefix.pch";
				INFOPLIST_FILE = "PrYv/PrYv-Info.plist";
				MACOSX_DEPLOYMENT_TARGET = 10.6;
				PRODUCT_NAME = "$(TARGET_NAME)";
				WRAPPER_EXTENSION = app;
			};
			name = Debug;
		};
		0C73430916ADB00B00EA101F /* Release */ = {
			isa = XCBuildConfiguration;
			buildSettings = {
				CODE_SIGN_ENTITLEMENTS = PrYv/PrYv.entitlements;
				CODE_SIGN_IDENTITY = "Mac Developer";
				COMBINE_HIDPI_IMAGES = YES;
				GCC_PRECOMPILE_PREFIX_HEADER = YES;
				GCC_PREFIX_HEADER = "PrYv/PrYv-Prefix.pch";
				INFOPLIST_FILE = "PrYv/PrYv-Info.plist";
				MACOSX_DEPLOYMENT_TARGET = 10.6;
				PRODUCT_NAME = "$(TARGET_NAME)";
				WRAPPER_EXTENSION = app;
			};
			name = Release;
		};
		0C9B754F16D37AAF00A7FEBD /* Debug */ = {
			isa = XCBuildConfiguration;
			buildSettings = {
				CLANG_WARN_CONSTANT_CONVERSION = YES;
				CLANG_WARN_ENUM_CONVERSION = YES;
				CLANG_WARN_INT_CONVERSION = YES;
				COMBINE_HIDPI_IMAGES = YES;
				FRAMEWORK_SEARCH_PATHS = "\"$(DEVELOPER_LIBRARY_DIR)/Frameworks\"";
				GCC_PRECOMPILE_PREFIX_HEADER = YES;
				GCC_PREFIX_HEADER = "PrYvTests/PrYvTests-Prefix.pch";
				INFOPLIST_FILE = "PrYvTests/PrYvTests-Info.plist";
				MACOSX_DEPLOYMENT_TARGET = 10.8;
				PRODUCT_NAME = "$(TARGET_NAME)";
				WRAPPER_EXTENSION = octest;
			};
			name = Debug;
		};
		0C9B755016D37AAF00A7FEBD /* Release */ = {
			isa = XCBuildConfiguration;
			buildSettings = {
				CLANG_WARN_CONSTANT_CONVERSION = YES;
				CLANG_WARN_ENUM_CONVERSION = YES;
				CLANG_WARN_INT_CONVERSION = YES;
				COMBINE_HIDPI_IMAGES = YES;
				FRAMEWORK_SEARCH_PATHS = "\"$(DEVELOPER_LIBRARY_DIR)/Frameworks\"";
				GCC_PRECOMPILE_PREFIX_HEADER = YES;
				GCC_PREFIX_HEADER = "PrYvTests/PrYvTests-Prefix.pch";
				INFOPLIST_FILE = "PrYvTests/PrYvTests-Info.plist";
				MACOSX_DEPLOYMENT_TARGET = 10.8;
				PRODUCT_NAME = "$(TARGET_NAME)";
				WRAPPER_EXTENSION = octest;
			};
			name = Release;
		};
		0C9B756416D37C3200A7FEBD /* Debug */ = {
			isa = XCBuildConfiguration;
			buildSettings = {
				BUNDLE_LOADER = "$(BUILT_PRODUCTS_DIR)/PrYv.app/Contents/MacOS/PrYv";
				CLANG_WARN_CONSTANT_CONVERSION = YES;
				CLANG_WARN_ENUM_CONVERSION = YES;
				CLANG_WARN_INT_CONVERSION = YES;
				COMBINE_HIDPI_IMAGES = YES;
				FRAMEWORK_SEARCH_PATHS = "\"$(DEVELOPER_LIBRARY_DIR)/Frameworks\"";
				GCC_PRECOMPILE_PREFIX_HEADER = YES;
				GCC_PREFIX_HEADER = "PrYvApplicationTests/PrYvApplicationTests-Prefix.pch";
				INFOPLIST_FILE = "PrYvApplicationTests/PrYvApplicationTests-Info.plist";
				MACOSX_DEPLOYMENT_TARGET = 10.8;
				PRODUCT_NAME = "$(TARGET_NAME)";
				TEST_HOST = "$(BUNDLE_LOADER)";
				WRAPPER_EXTENSION = octest;
			};
			name = Debug;
		};
		0C9B756516D37C3200A7FEBD /* Release */ = {
			isa = XCBuildConfiguration;
			buildSettings = {
				BUNDLE_LOADER = "$(BUILT_PRODUCTS_DIR)/PrYv.app/Contents/MacOS/PrYv";
				CLANG_WARN_CONSTANT_CONVERSION = YES;
				CLANG_WARN_ENUM_CONVERSION = YES;
				CLANG_WARN_INT_CONVERSION = YES;
				COMBINE_HIDPI_IMAGES = YES;
				FRAMEWORK_SEARCH_PATHS = "\"$(DEVELOPER_LIBRARY_DIR)/Frameworks\"";
				GCC_PRECOMPILE_PREFIX_HEADER = YES;
				GCC_PREFIX_HEADER = "PrYvApplicationTests/PrYvApplicationTests-Prefix.pch";
				INFOPLIST_FILE = "PrYvApplicationTests/PrYvApplicationTests-Info.plist";
				MACOSX_DEPLOYMENT_TARGET = 10.8;
				PRODUCT_NAME = "$(TARGET_NAME)";
				TEST_HOST = "$(BUNDLE_LOADER)";
				WRAPPER_EXTENSION = octest;
			};
			name = Release;
		};
		0C9B756816D3816900A7FEBD /* Tests */ = {
			isa = XCBuildConfiguration;
			buildSettings = {
				ALWAYS_SEARCH_USER_PATHS = NO;
				ARCHS = "$(ARCHS_STANDARD_64_BIT)";
				CLANG_CXX_LANGUAGE_STANDARD = "gnu++0x";
				CLANG_CXX_LIBRARY = "libc++";
				CLANG_WARN_EMPTY_BODY = YES;
				CLANG_WARN__DUPLICATE_METHOD_MATCH = YES;
				COPY_PHASE_STRIP = NO;
				GCC_C_LANGUAGE_STANDARD = gnu99;
				GCC_DYNAMIC_NO_PIC = NO;
				GCC_ENABLE_OBJC_EXCEPTIONS = YES;
				GCC_OPTIMIZATION_LEVEL = 0;
				GCC_PREPROCESSOR_DEFINITIONS = (
					"DEBUG=1",
					"$(inherited)",
				);
				GCC_SYMBOLS_PRIVATE_EXTERN = NO;
				GCC_WARN_64_TO_32_BIT_CONVERSION = YES;
				GCC_WARN_ABOUT_RETURN_TYPE = YES;
				GCC_WARN_UNINITIALIZED_AUTOS = YES;
				GCC_WARN_UNUSED_VARIABLE = YES;
				MACOSX_DEPLOYMENT_TARGET = 10.6;
				ONLY_ACTIVE_ARCH = YES;
				SDKROOT = macosx;
			};
			name = Tests;
		};
		0C9B756916D3816900A7FEBD /* Tests */ = {
			isa = XCBuildConfiguration;
			buildSettings = {
				COMBINE_HIDPI_IMAGES = YES;
				GCC_PRECOMPILE_PREFIX_HEADER = YES;
				GCC_PREFIX_HEADER = "PrYv/PrYv-Prefix.pch";
				INFOPLIST_FILE = "PrYv/PrYv-Info.plist";
				MACOSX_DEPLOYMENT_TARGET = 10.6;
				PRODUCT_NAME = "$(TARGET_NAME)";
				WRAPPER_EXTENSION = app;
			};
			name = Tests;
		};
		0C9B756A16D3816900A7FEBD /* Tests */ = {
			isa = XCBuildConfiguration;
			buildSettings = {
				CLANG_WARN_CONSTANT_CONVERSION = YES;
				CLANG_WARN_ENUM_CONVERSION = YES;
				CLANG_WARN_INT_CONVERSION = YES;
				COMBINE_HIDPI_IMAGES = YES;
				FRAMEWORK_SEARCH_PATHS = "\"$(DEVELOPER_LIBRARY_DIR)/Frameworks\"";
				GCC_PRECOMPILE_PREFIX_HEADER = YES;
				GCC_PREFIX_HEADER = "PrYvTests/PrYvTests-Prefix.pch";
				INFOPLIST_FILE = "PrYvTests/PrYvTests-Info.plist";
				MACOSX_DEPLOYMENT_TARGET = 10.8;
				PRODUCT_NAME = "$(TARGET_NAME)";
				WRAPPER_EXTENSION = octest;
			};
			name = Tests;
		};
		0C9B756B16D3816900A7FEBD /* Tests */ = {
			isa = XCBuildConfiguration;
			buildSettings = {
				BUNDLE_LOADER = "$(BUILT_PRODUCTS_DIR)/PrYv.app/Contents/MacOS/PrYv";
				CLANG_WARN_CONSTANT_CONVERSION = YES;
				CLANG_WARN_ENUM_CONVERSION = YES;
				CLANG_WARN_INT_CONVERSION = YES;
				COMBINE_HIDPI_IMAGES = YES;
				FRAMEWORK_SEARCH_PATHS = "\"$(DEVELOPER_LIBRARY_DIR)/Frameworks\"";
				GCC_PRECOMPILE_PREFIX_HEADER = YES;
				GCC_PREFIX_HEADER = "PrYvApplicationTests/PrYvApplicationTests-Prefix.pch";
				INFOPLIST_FILE = "PrYvApplicationTests/PrYvApplicationTests-Info.plist";
				MACOSX_DEPLOYMENT_TARGET = 10.8;
				PRODUCT_NAME = "$(TARGET_NAME)";
				TEST_HOST = "$(BUNDLE_LOADER)";
				WRAPPER_EXTENSION = octest;
			};
			name = Tests;
		};
/* End XCBuildConfiguration section */

/* Begin XCConfigurationList section */
		0C7342CC16ADB00B00EA101F /* Build configuration list for PBXProject "PrYv" */ = {
			isa = XCConfigurationList;
			buildConfigurations = (
				0C73430516ADB00B00EA101F /* Debug */,
				0C9B756816D3816900A7FEBD /* Tests */,
				0C73430616ADB00B00EA101F /* Release */,
			);
			defaultConfigurationIsVisible = 0;
			defaultConfigurationName = Release;
		};
		0C73430716ADB00B00EA101F /* Build configuration list for PBXNativeTarget "PrYv" */ = {
			isa = XCConfigurationList;
			buildConfigurations = (
				0C73430816ADB00B00EA101F /* Debug */,
				0C9B756916D3816900A7FEBD /* Tests */,
				0C73430916ADB00B00EA101F /* Release */,
			);
			defaultConfigurationIsVisible = 0;
			defaultConfigurationName = Release;
		};
		0C9B754E16D37AAF00A7FEBD /* Build configuration list for PBXNativeTarget "PrYvLogicTests" */ = {
			isa = XCConfigurationList;
			buildConfigurations = (
				0C9B754F16D37AAF00A7FEBD /* Debug */,
				0C9B756A16D3816900A7FEBD /* Tests */,
				0C9B755016D37AAF00A7FEBD /* Release */,
			);
			defaultConfigurationIsVisible = 0;
			defaultConfigurationName = Release;
		};
		0C9B756316D37C3200A7FEBD /* Build configuration list for PBXNativeTarget "PrYvApplicationTests" */ = {
			isa = XCConfigurationList;
			buildConfigurations = (
				0C9B756416D37C3200A7FEBD /* Debug */,
				0C9B756B16D3816900A7FEBD /* Tests */,
				0C9B756516D37C3200A7FEBD /* Release */,
			);
			defaultConfigurationIsVisible = 0;
			defaultConfigurationName = Release;
		};
/* End XCConfigurationList section */

/* Begin XCVersionGroup section */
		0C7342EE16ADB00B00EA101F /* PrYv.xcdatamodeld */ = {
			isa = XCVersionGroup;
			children = (
				0C7342EF16ADB00B00EA101F /* PrYv.xcdatamodel */,
			);
			currentVersion = 0C7342EF16ADB00B00EA101F /* PrYv.xcdatamodel */;
			name = PrYv.xcdatamodeld;
			path = PrYv/PrYv.xcdatamodeld;
			sourceTree = "<group>";
			versionGroupType = wrapper.xcdatamodel;
		};
/* End XCVersionGroup section */
	};
	rootObject = 0C7342C916ADB00B00EA101F /* Project object */;
}
