PODS:
  - PryvApiKit (0.0.1):
    - PryvApiKit/CWLSynthesizeSingleton
    - PryvApiKit/Reachability
  - PryvApiKit/CWLSynthesizeSingleton (0.0.1)
  - PryvApiKit/Reachability (0.0.1)

DEPENDENCIES:
  - PryvApiKit (from `../../sdk-objectivec-apple/PryvApiKit.podspec`)

EXTERNAL SOURCES:
  PryvApiKit:
    :path: ../../sdk-objectivec-apple/PryvApiKit.podspec

SPEC CHECKSUMS:
  PryvApiKit: 465975928b6160318ddb03814f05f5ab14623ecc

COCOAPODS: 0.32.1
